// !$*UTF8*$!
{
	archiveVersion = 1;
	classes = {
	};
	objectVersion = 46;
	objects = {

/* Begin PBXBuildFile section */
		34098D1919EF962A006806A6 /* Foundation.framework in Frameworks */ = {isa = PBXBuildFile; fileRef = 34098D1819EF962A006806A6 /* Foundation.framework */; };
		34098D1B19EF962A006806A6 /* CoreGraphics.framework in Frameworks */ = {isa = PBXBuildFile; fileRef = 34098D1A19EF962A006806A6 /* CoreGraphics.framework */; };
		34098D1D19EF962A006806A6 /* UIKit.framework in Frameworks */ = {isa = PBXBuildFile; fileRef = 34098D1C19EF962A006806A6 /* UIKit.framework */; };
		34098D2319EF962A006806A6 /* InfoPlist.strings in Resources */ = {isa = PBXBuildFile; fileRef = 34098D2119EF962A006806A6 /* InfoPlist.strings */; };
		34098D2519EF962A006806A6 /* main.m in Sources */ = {isa = PBXBuildFile; fileRef = 34098D2419EF962A006806A6 /* main.m */; };
		34098D2B19EF962A006806A6 /* Images.xcassets in Resources */ = {isa = PBXBuildFile; fileRef = 34098D2A19EF962A006806A6 /* Images.xcassets */; };
		34098D3219EF962B006806A6 /* XCTest.framework in Frameworks */ = {isa = PBXBuildFile; fileRef = 34098D3119EF962B006806A6 /* XCTest.framework */; };
		34098D3319EF962B006806A6 /* Foundation.framework in Frameworks */ = {isa = PBXBuildFile; fileRef = 34098D1819EF962A006806A6 /* Foundation.framework */; };
		34098D3419EF962B006806A6 /* UIKit.framework in Frameworks */ = {isa = PBXBuildFile; fileRef = 34098D1C19EF962A006806A6 /* UIKit.framework */; };
		34098D3C19EF962B006806A6 /* InfoPlist.strings in Resources */ = {isa = PBXBuildFile; fileRef = 34098D3A19EF962B006806A6 /* InfoPlist.strings */; };
		34098D3E19EF962B006806A6 /* BINAlertViewTests.m in Sources */ = {isa = PBXBuildFile; fileRef = 34098D3D19EF962B006806A6 /* BINAlertViewTests.m */; };
		34098D4C19EF965C006806A6 /* MainViewController.m in Sources */ = {isa = PBXBuildFile; fileRef = 34098D4B19EF965C006806A6 /* MainViewController.m */; };
		34098D4F19EF9784006806A6 /* CustomAlertView.m in Sources */ = {isa = PBXBuildFile; fileRef = 34098D4E19EF9784006806A6 /* CustomAlertView.m */; };
		34098D5219EFB159006806A6 /* MyView.m in Sources */ = {isa = PBXBuildFile; fileRef = 34098D5119EFB159006806A6 /* MyView.m */; };
		34ACDC671A7B78CA00794B59 /* dragon.png in Resources */ = {isa = PBXBuildFile; fileRef = 34ACDC661A7B78CA00794B59 /* dragon.png */; };
		34E450C91A7F0D1800AAFB18 /* star.png in Resources */ = {isa = PBXBuildFile; fileRef = 34E450C61A7F0D1800AAFB18 /* star.png */; };
		34E450CA1A7F0D1800AAFB18 /* star_h.jpg in Resources */ = {isa = PBXBuildFile; fileRef = 34E450C71A7F0D1800AAFB18 /* star_h.jpg */; };
		34E450CB1A7F0D1800AAFB18 /* star_n.jpg in Resources */ = {isa = PBXBuildFile; fileRef = 34E450C81A7F0D1800AAFB18 /* star_n.jpg */; };
		5105C4842060B322007579B0 /* 修改.png in Resources */ = {isa = PBXBuildFile; fileRef = 5105C4822060B322007579B0 /* 修改.png */; };
		5105C4852060B322007579B0 /* 警告.png in Resources */ = {isa = PBXBuildFile; fileRef = 5105C4832060B322007579B0 /* 警告.png */; };
		512861B51F95AD2900CD1372 /* MQVerCodeInputView.m in Sources */ = {isa = PBXBuildFile; fileRef = 512861B21F95AD2900CD1372 /* MQVerCodeInputView.m */; };
		512861B61F95AD2900CD1372 /* UIView+MQ.m in Sources */ = {isa = PBXBuildFile; fileRef = 512861B41F95AD2900CD1372 /* UIView+MQ.m */; };
		512861D21F95AD6D00CD1372 /* Info.plist in Resources */ = {isa = PBXBuildFile; fileRef = 512861B81F95AD6D00CD1372 /* Info.plist */; };
		512861D31F95AD6E00CD1372 /* MASCompositeConstraint.m in Sources */ = {isa = PBXBuildFile; fileRef = 512861BA1F95AD6D00CD1372 /* MASCompositeConstraint.m */; };
		512861D41F95AD6E00CD1372 /* MASConstraint.m in Sources */ = {isa = PBXBuildFile; fileRef = 512861BD1F95AD6D00CD1372 /* MASConstraint.m */; };
		512861D51F95AD6E00CD1372 /* MASConstraintMaker.m in Sources */ = {isa = PBXBuildFile; fileRef = 512861BF1F95AD6D00CD1372 /* MASConstraintMaker.m */; };
		512861D61F95AD6E00CD1372 /* MASLayoutConstraint.m in Sources */ = {isa = PBXBuildFile; fileRef = 512861C11F95AD6D00CD1372 /* MASLayoutConstraint.m */; };
		512861D71F95AD6E00CD1372 /* MASViewAttribute.m in Sources */ = {isa = PBXBuildFile; fileRef = 512861C51F95AD6D00CD1372 /* MASViewAttribute.m */; };
		512861D81F95AD6E00CD1372 /* MASViewConstraint.m in Sources */ = {isa = PBXBuildFile; fileRef = 512861C71F95AD6D00CD1372 /* MASViewConstraint.m */; };
		512861D91F95AD6E00CD1372 /* NSArray+MASAdditions.m in Sources */ = {isa = PBXBuildFile; fileRef = 512861C91F95AD6D00CD1372 /* NSArray+MASAdditions.m */; };
		512861DA1F95AD6E00CD1372 /* NSLayoutConstraint+MASDebugAdditions.m in Sources */ = {isa = PBXBuildFile; fileRef = 512861CC1F95AD6D00CD1372 /* NSLayoutConstraint+MASDebugAdditions.m */; };
		512861DB1F95AD6E00CD1372 /* View+MASAdditions.m in Sources */ = {isa = PBXBuildFile; fileRef = 512861CE1F95AD6D00CD1372 /* View+MASAdditions.m */; };
		512861DC1F95AD6E00CD1372 /* ViewController+MASAdditions.m in Sources */ = {isa = PBXBuildFile; fileRef = 512861D11F95AD6D00CD1372 /* ViewController+MASAdditions.m */; };
		512861DF1F95ADBC00CD1372 /* MainNewViewController.m in Sources */ = {isa = PBXBuildFile; fileRef = 512861DE1F95ADBC00CD1372 /* MainNewViewController.m */; };
		512861E41F95C45400CD1372 /* BINTableViewHandle.m in Sources */ = {isa = PBXBuildFile; fileRef = 512861E21F95C45400CD1372 /* BINTableViewHandle.m */; };
		512861E71F95C47300CD1372 /* BINTableViewHandleSections.m in Sources */ = {isa = PBXBuildFile; fileRef = 512861E61F95C47300CD1372 /* BINTableViewHandleSections.m */; };
		513F8C801F430B680031C8C6 /* Default-568h@2x.png in Resources */ = {isa = PBXBuildFile; fileRef = 513F8C7F1F430B680031C8C6 /* Default-568h@2x.png */; };
		516E87D72064A00D0037C75B /* BINGroupView.m in Sources */ = {isa = PBXBuildFile; fileRef = 516E87D62064A00D0037C75B /* BINGroupView.m */; };
		5170B4BF1FC26AF600873EA8 /* StackListViewController.m in Sources */ = {isa = PBXBuildFile; fileRef = 5170B4BE1FC26AF600873EA8 /* StackListViewController.m */; };
		517561AF206264E900968433 /* UIViewController+Helper.m in Sources */ = {isa = PBXBuildFile; fileRef = 517561AE206264E800968433 /* UIViewController+Helper.m */; };
		51795B6B1F4432FB002AF228 /* BINStarsView.m in Sources */ = {isa = PBXBuildFile; fileRef = 51795B6A1F4432FB002AF228 /* BINStarsView.m */; };
		517C23EB206B454B00149016 /* WHKTableViewFiftyFiveCell.m in Sources */ = {isa = PBXBuildFile; fileRef = 517C23E9206B454B00149016 /* WHKTableViewFiftyFiveCell.m */; };
		517C23EE206B496100149016 /* WHKTableViewZeroCell.m in Sources */ = {isa = PBXBuildFile; fileRef = 517C23ED206B496100149016 /* WHKTableViewZeroCell.m */; };
		517C2408206B998C00149016 /* BINTabBarView.m in Sources */ = {isa = PBXBuildFile; fileRef = 517C2407206B998C00149016 /* BINTabBarView.m */; };
		517D3904206CBEA8005BC021 /* BN_TabBarView.m in Sources */ = {isa = PBXBuildFile; fileRef = 517D3903206CBEA8005BC021 /* BN_TabBarView.m */; };
		517D3907206CBEFF005BC021 /* LeftMenuViewController.m in Sources */ = {isa = PBXBuildFile; fileRef = 517D3906206CBEFF005BC021 /* LeftMenuViewController.m */; };
		517D3911206CDD04005BC021 /* DKSButton.m in Sources */ = {isa = PBXBuildFile; fileRef = 517D3910206CDD03005BC021 /* DKSButton.m */; };
		51803C4A2049471800799B48 /* MBProgressHUD.m in Sources */ = {isa = PBXBuildFile; fileRef = 51803C492049471800799B48 /* MBProgressHUD.m */; };
		51803C562049483100799B48 /* MBProgressHUD+Helper.m in Sources */ = {isa = PBXBuildFile; fileRef = 51803C552049483100799B48 /* MBProgressHUD+Helper.m */; };
		51803C5A204948AF00799B48 /* UIView+Toast.m in Sources */ = {isa = PBXBuildFile; fileRef = 51803C59204948AE00799B48 /* UIView+Toast.m */; };
		518057691F94DB68008D1C0E /* BINAlertView.m in Sources */ = {isa = PBXBuildFile; fileRef = 518057671F94DB68008D1C0E /* BINAlertView.m */; };
		5181E9F5207B132900F6C895 /* PopoverAction.m in Sources */ = {isa = PBXBuildFile; fileRef = 5181E9F0207B132900F6C895 /* PopoverAction.m */; };
		5181E9F6207B132900F6C895 /* PopoverView.m in Sources */ = {isa = PBXBuildFile; fileRef = 5181E9F2207B132900F6C895 /* PopoverView.m */; };
		5181E9F7207B132900F6C895 /* PopoverViewCell.m in Sources */ = {isa = PBXBuildFile; fileRef = 5181E9F4207B132900F6C895 /* PopoverViewCell.m */; };
		518372EE1F7E117D00248179 /* NSDictionary+Helper.m in Sources */ = {isa = PBXBuildFile; fileRef = 518372BF1F7E117D00248179 /* NSDictionary+Helper.m */; };
		518372EF1F7E117D00248179 /* NSMutableArray+Helper.m in Sources */ = {isa = PBXBuildFile; fileRef = 518372C11F7E117D00248179 /* NSMutableArray+Helper.m */; };
		518372F01F7E117D00248179 /* NSMutableDictionary+Helper.m in Sources */ = {isa = PBXBuildFile; fileRef = 518372C31F7E117D00248179 /* NSMutableDictionary+Helper.m */; };
		518372F11F7E117D00248179 /* NSObject+Helper.m in Sources */ = {isa = PBXBuildFile; fileRef = 518372C51F7E117D00248179 /* NSObject+Helper.m */; };
		518372F21F7E117D00248179 /* NSString+Helper.m in Sources */ = {isa = PBXBuildFile; fileRef = 518372C71F7E117D00248179 /* NSString+Helper.m */; };
		518372F31F7E117D00248179 /* NSString+Regex.m in Sources */ = {isa = PBXBuildFile; fileRef = 518372C91F7E117D00248179 /* NSString+Regex.m */; };
		518372F41F7E117D00248179 /* UIButton+EdgeInsets.m in Sources */ = {isa = PBXBuildFile; fileRef = 518372CB1F7E117D00248179 /* UIButton+EdgeInsets.m */; };
		518372F51F7E117D00248179 /* UIColor+Helper.m in Sources */ = {isa = PBXBuildFile; fileRef = 518372CD1F7E117D00248179 /* UIColor+Helper.m */; };
		518372F61F7E117D00248179 /* UIDevice+Helper.m in Sources */ = {isa = PBXBuildFile; fileRef = 518372CF1F7E117D00248179 /* UIDevice+Helper.m */; };
		518372F71F7E117D00248179 /* UIImage+Helper.m in Sources */ = {isa = PBXBuildFile; fileRef = 518372D11F7E117D00248179 /* UIImage+Helper.m */; };
		518372F81F7E117D00248179 /* UIImageView+ClickImageEnlarge.m in Sources */ = {isa = PBXBuildFile; fileRef = 518372D31F7E117D00248179 /* UIImageView+ClickImageEnlarge.m */; };
		518372F91F7E117D00248179 /* UINavigationController+Cloudox.m in Sources */ = {isa = PBXBuildFile; fileRef = 518372D51F7E117D00248179 /* UINavigationController+Cloudox.m */; };
		518372FA1F7E117D00248179 /* UITableViewCell+Helper.m in Sources */ = {isa = PBXBuildFile; fileRef = 518372D71F7E117D00248179 /* UITableViewCell+Helper.m */; };
		518372FB1F7E117D00248179 /* UIView+AddView.m in Sources */ = {isa = PBXBuildFile; fileRef = 518372D91F7E117D00248179 /* UIView+AddView.m */; };
		518372FC1F7E117D00248179 /* UIView+Helper.m in Sources */ = {isa = PBXBuildFile; fileRef = 518372DB1F7E117D00248179 /* UIView+Helper.m */; };
		518372FD1F7E117D00248179 /* UIViewController+addView.m in Sources */ = {isa = PBXBuildFile; fileRef = 518372DD1F7E117D00248179 /* UIViewController+addView.m */; };
		518372FE1F7E117D00248179 /* UIViewController+Cloudox.m in Sources */ = {isa = PBXBuildFile; fileRef = 518372DF1F7E117D00248179 /* UIViewController+Cloudox.m */; };
		518373091F7E225D00248179 /* NextViewController.m in Sources */ = {isa = PBXBuildFile; fileRef = 518373081F7E225D00248179 /* NextViewController.m */; };
		518373391F7E22FD00248179 /* BINDataPicker.m in Sources */ = {isa = PBXBuildFile; fileRef = 5183730E1F7E22FD00248179 /* BINDataPicker.m */; };
		5183733A1F7E22FD00248179 /* BINGuidePageView.m in Sources */ = {isa = PBXBuildFile; fileRef = 518373101F7E22FD00248179 /* BINGuidePageView.m */; };
		5183733B1F7E22FD00248179 /* BINIconLabelView.m in Sources */ = {isa = PBXBuildFile; fileRef = 518373121F7E22FD00248179 /* BINIconLabelView.m */; };
		5183733C1F7E22FD00248179 /* BINImgLabelView.m in Sources */ = {isa = PBXBuildFile; fileRef = 518373141F7E22FD00248179 /* BINImgLabelView.m */; };
		5183733D1F7E22FD00248179 /* BINPhotoBrowser.m in Sources */ = {isa = PBXBuildFile; fileRef = 518373171F7E22FD00248179 /* BINPhotoBrowser.m */; };
		5183733E1F7E22FD00248179 /* BINPhotoBrowserView.m in Sources */ = {isa = PBXBuildFile; fileRef = 5183731A1F7E22FD00248179 /* BINPhotoBrowserView.m */; };
		5183733F1F7E22FD00248179 /* BINPhotoGroup.m in Sources */ = {isa = PBXBuildFile; fileRef = 5183731C1F7E22FD00248179 /* BINPhotoGroup.m */; };
		518373401F7E22FD00248179 /* BINPhotoItem.m in Sources */ = {isa = PBXBuildFile; fileRef = 5183731E1F7E22FD00248179 /* BINPhotoItem.m */; };
		518373411F7E22FD00248179 /* BINPickerView.m in Sources */ = {isa = PBXBuildFile; fileRef = 518373201F7E22FD00248179 /* BINPickerView.m */; };
		518373421F7E22FD00248179 /* BINPickerViewNew.m in Sources */ = {isa = PBXBuildFile; fileRef = 518373221F7E22FD00248179 /* BINPickerViewNew.m */; };
		518373431F7E22FD00248179 /* BINRadioView.m in Sources */ = {isa = PBXBuildFile; fileRef = 518373241F7E22FD00248179 /* BINRadioView.m */; };
		518373441F7E22FD00248179 /* BINShareDataModel.m in Sources */ = {isa = PBXBuildFile; fileRef = 518373271F7E22FD00248179 /* BINShareDataModel.m */; };
		518373451F7E22FD00248179 /* BINShareModel.m in Sources */ = {isa = PBXBuildFile; fileRef = 518373291F7E22FD00248179 /* BINShareModel.m */; };
		518373461F7E22FD00248179 /* BINShareModelView.m in Sources */ = {isa = PBXBuildFile; fileRef = 5183732B1F7E22FD00248179 /* BINShareModelView.m */; };
		518373471F7E22FD00248179 /* BINShareView.m in Sources */ = {isa = PBXBuildFile; fileRef = 5183732D1F7E22FD00248179 /* BINShareView.m */; };
		518373481F7E22FD00248179 /* BINTextField.m in Sources */ = {isa = PBXBuildFile; fileRef = 5183732F1F7E22FD00248179 /* BINTextField.m */; };
		518373491F7E22FD00248179 /* BINTextView.m in Sources */ = {isa = PBXBuildFile; fileRef = 518373311F7E22FD00248179 /* BINTextView.m */; };
		5183734A1F7E22FD00248179 /* WHKLeftMenuView.m in Sources */ = {isa = PBXBuildFile; fileRef = 518373331F7E22FD00248179 /* WHKLeftMenuView.m */; };
		518373571F7E23BF00248179 /* UILabel+YBAttributeTextTapAction.m in Sources */ = {isa = PBXBuildFile; fileRef = 518373541F7E23BF00248179 /* UILabel+YBAttributeTextTapAction.m */; };
		518BDE242065FBE800DC925D /* NSObject+Testing.m in Sources */ = {isa = PBXBuildFile; fileRef = 518BDE232065FBE800DC925D /* NSObject+Testing.m */; };
		518FD84C204801A200FD7ADA /* UIApplication+Helper.m in Sources */ = {isa = PBXBuildFile; fileRef = 518FD846204801A000FD7ADA /* UIApplication+Helper.m */; };
		518FD861204803C100FD7ADA /* StaticNSString.m in Sources */ = {isa = PBXBuildFile; fileRef = 518FD85A204803BF00FD7ADA /* StaticNSString.m */; };
		518FD862204803C100FD7ADA /* Utilities_DigitalMedia.m in Sources */ = {isa = PBXBuildFile; fileRef = 518FD85C204803BF00FD7ADA /* Utilities_DigitalMedia.m */; };
		518FD863204803C100FD7ADA /* AppDelegate.m in Sources */ = {isa = PBXBuildFile; fileRef = 518FD860204803C000FD7ADA /* AppDelegate.m */; };
		518FD8692048086100FD7ADA /* UIButton+Helper.m in Sources */ = {isa = PBXBuildFile; fileRef = 518FD8672048085F00FD7ADA /* UIButton+Helper.m */; };
		51C5AF24205FA1CA000E8EA1 /* UIViewController+Helper.m in Sources */ = {isa = PBXBuildFile; fileRef = 51C5AF22205FA1C9000E8EA1 /* UIViewController+Helper.m */; };
/* End PBXBuildFile section */

/* Begin PBXContainerItemProxy section */
		34098D3519EF962B006806A6 /* PBXContainerItemProxy */ = {
			isa = PBXContainerItemProxy;
			containerPortal = 34098D0D19EF962A006806A6 /* Project object */;
			proxyType = 1;
			remoteGlobalIDString = 34098D1419EF962A006806A6;
			remoteInfo = BINAlertView;
		};
/* End PBXContainerItemProxy section */

/* Begin PBXFileReference section */
		34098D1519EF962A006806A6 /* BINAlertView.app */ = {isa = PBXFileReference; explicitFileType = wrapper.application; includeInIndex = 0; path = BINAlertView.app; sourceTree = BUILT_PRODUCTS_DIR; };
		34098D1819EF962A006806A6 /* Foundation.framework */ = {isa = PBXFileReference; lastKnownFileType = wrapper.framework; name = Foundation.framework; path = System/Library/Frameworks/Foundation.framework; sourceTree = SDKROOT; };
		34098D1A19EF962A006806A6 /* CoreGraphics.framework */ = {isa = PBXFileReference; lastKnownFileType = wrapper.framework; name = CoreGraphics.framework; path = System/Library/Frameworks/CoreGraphics.framework; sourceTree = SDKROOT; };
		34098D1C19EF962A006806A6 /* UIKit.framework */ = {isa = PBXFileReference; lastKnownFileType = wrapper.framework; name = UIKit.framework; path = System/Library/Frameworks/UIKit.framework; sourceTree = SDKROOT; };
		34098D2019EF962A006806A6 /* BINAlertView-Info.plist */ = {isa = PBXFileReference; lastKnownFileType = text.plist.xml; path = "BINAlertView-Info.plist"; sourceTree = "<group>"; };
		34098D2219EF962A006806A6 /* en */ = {isa = PBXFileReference; lastKnownFileType = text.plist.strings; name = en; path = en.lproj/InfoPlist.strings; sourceTree = "<group>"; };
		34098D2419EF962A006806A6 /* main.m */ = {isa = PBXFileReference; lastKnownFileType = sourcecode.c.objc; path = main.m; sourceTree = "<group>"; };
		34098D2A19EF962A006806A6 /* Images.xcassets */ = {isa = PBXFileReference; lastKnownFileType = folder.assetcatalog; path = Images.xcassets; sourceTree = "<group>"; };
		34098D3019EF962B006806A6 /* BINAlertViewTests.xctest */ = {isa = PBXFileReference; explicitFileType = wrapper.cfbundle; includeInIndex = 0; path = BINAlertViewTests.xctest; sourceTree = BUILT_PRODUCTS_DIR; };
		34098D3119EF962B006806A6 /* XCTest.framework */ = {isa = PBXFileReference; lastKnownFileType = wrapper.framework; name = XCTest.framework; path = Library/Frameworks/XCTest.framework; sourceTree = DEVELOPER_DIR; };
		34098D3919EF962B006806A6 /* BINAlertViewTests-Info.plist */ = {isa = PBXFileReference; lastKnownFileType = text.plist.xml; path = "BINAlertViewTests-Info.plist"; sourceTree = "<group>"; };
		34098D3B19EF962B006806A6 /* en */ = {isa = PBXFileReference; lastKnownFileType = text.plist.strings; name = en; path = en.lproj/InfoPlist.strings; sourceTree = "<group>"; };
		34098D3D19EF962B006806A6 /* BINAlertViewTests.m */ = {isa = PBXFileReference; lastKnownFileType = sourcecode.c.objc; path = BINAlertViewTests.m; sourceTree = "<group>"; };
		34098D4A19EF965C006806A6 /* MainViewController.h */ = {isa = PBXFileReference; fileEncoding = 4; lastKnownFileType = sourcecode.c.h; path = MainViewController.h; sourceTree = "<group>"; };
		34098D4B19EF965C006806A6 /* MainViewController.m */ = {isa = PBXFileReference; fileEncoding = 4; lastKnownFileType = sourcecode.c.objc; path = MainViewController.m; sourceTree = "<group>"; };
		34098D4D19EF9783006806A6 /* CustomAlertView.h */ = {isa = PBXFileReference; fileEncoding = 4; lastKnownFileType = sourcecode.c.h; path = CustomAlertView.h; sourceTree = "<group>"; };
		34098D4E19EF9784006806A6 /* CustomAlertView.m */ = {isa = PBXFileReference; fileEncoding = 4; lastKnownFileType = sourcecode.c.objc; path = CustomAlertView.m; sourceTree = "<group>"; };
		34098D5019EFB159006806A6 /* MyView.h */ = {isa = PBXFileReference; fileEncoding = 4; lastKnownFileType = sourcecode.c.h; path = MyView.h; sourceTree = "<group>"; };
		34098D5119EFB159006806A6 /* MyView.m */ = {isa = PBXFileReference; fileEncoding = 4; lastKnownFileType = sourcecode.c.objc; path = MyView.m; sourceTree = "<group>"; };
		34ACDC661A7B78CA00794B59 /* dragon.png */ = {isa = PBXFileReference; lastKnownFileType = image.png; path = dragon.png; sourceTree = "<group>"; };
		34E450C61A7F0D1800AAFB18 /* star.png */ = {isa = PBXFileReference; lastKnownFileType = image.png; path = star.png; sourceTree = "<group>"; };
		34E450C71A7F0D1800AAFB18 /* star_h.jpg */ = {isa = PBXFileReference; lastKnownFileType = image.jpeg; path = star_h.jpg; sourceTree = "<group>"; };
		34E450C81A7F0D1800AAFB18 /* star_n.jpg */ = {isa = PBXFileReference; lastKnownFileType = image.jpeg; path = star_n.jpg; sourceTree = "<group>"; };
		5105C4822060B322007579B0 /* 修改.png */ = {isa = PBXFileReference; lastKnownFileType = image.png; path = "修改.png"; sourceTree = "<group>"; };
		5105C4832060B322007579B0 /* 警告.png */ = {isa = PBXFileReference; lastKnownFileType = image.png; path = "警告.png"; sourceTree = "<group>"; };
		512861B11F95AD2900CD1372 /* MQVerCodeInputView.h */ = {isa = PBXFileReference; fileEncoding = 4; lastKnownFileType = sourcecode.c.h; path = MQVerCodeInputView.h; sourceTree = "<group>"; };
		512861B21F95AD2900CD1372 /* MQVerCodeInputView.m */ = {isa = PBXFileReference; fileEncoding = 4; lastKnownFileType = sourcecode.c.objc; path = MQVerCodeInputView.m; sourceTree = "<group>"; };
		512861B31F95AD2900CD1372 /* UIView+MQ.h */ = {isa = PBXFileReference; fileEncoding = 4; lastKnownFileType = sourcecode.c.h; path = "UIView+MQ.h"; sourceTree = "<group>"; };
		512861B41F95AD2900CD1372 /* UIView+MQ.m */ = {isa = PBXFileReference; fileEncoding = 4; lastKnownFileType = sourcecode.c.objc; path = "UIView+MQ.m"; sourceTree = "<group>"; };
		512861B81F95AD6D00CD1372 /* Info.plist */ = {isa = PBXFileReference; fileEncoding = 4; lastKnownFileType = text.plist.xml; path = Info.plist; sourceTree = "<group>"; };
		512861B91F95AD6D00CD1372 /* MASCompositeConstraint.h */ = {isa = PBXFileReference; fileEncoding = 4; lastKnownFileType = sourcecode.c.h; path = MASCompositeConstraint.h; sourceTree = "<group>"; };
		512861BA1F95AD6D00CD1372 /* MASCompositeConstraint.m */ = {isa = PBXFileReference; fileEncoding = 4; lastKnownFileType = sourcecode.c.objc; path = MASCompositeConstraint.m; sourceTree = "<group>"; };
		512861BB1F95AD6D00CD1372 /* MASConstraint+Private.h */ = {isa = PBXFileReference; fileEncoding = 4; lastKnownFileType = sourcecode.c.h; path = "MASConstraint+Private.h"; sourceTree = "<group>"; };
		512861BC1F95AD6D00CD1372 /* MASConstraint.h */ = {isa = PBXFileReference; fileEncoding = 4; lastKnownFileType = sourcecode.c.h; path = MASConstraint.h; sourceTree = "<group>"; };
		512861BD1F95AD6D00CD1372 /* MASConstraint.m */ = {isa = PBXFileReference; fileEncoding = 4; lastKnownFileType = sourcecode.c.objc; path = MASConstraint.m; sourceTree = "<group>"; };
		512861BE1F95AD6D00CD1372 /* MASConstraintMaker.h */ = {isa = PBXFileReference; fileEncoding = 4; lastKnownFileType = sourcecode.c.h; path = MASConstraintMaker.h; sourceTree = "<group>"; };
		512861BF1F95AD6D00CD1372 /* MASConstraintMaker.m */ = {isa = PBXFileReference; fileEncoding = 4; lastKnownFileType = sourcecode.c.objc; path = MASConstraintMaker.m; sourceTree = "<group>"; };
		512861C01F95AD6D00CD1372 /* MASLayoutConstraint.h */ = {isa = PBXFileReference; fileEncoding = 4; lastKnownFileType = sourcecode.c.h; path = MASLayoutConstraint.h; sourceTree = "<group>"; };
		512861C11F95AD6D00CD1372 /* MASLayoutConstraint.m */ = {isa = PBXFileReference; fileEncoding = 4; lastKnownFileType = sourcecode.c.objc; path = MASLayoutConstraint.m; sourceTree = "<group>"; };
		512861C21F95AD6D00CD1372 /* Masonry.h */ = {isa = PBXFileReference; fileEncoding = 4; lastKnownFileType = sourcecode.c.h; path = Masonry.h; sourceTree = "<group>"; };
		512861C31F95AD6D00CD1372 /* MASUtilities.h */ = {isa = PBXFileReference; fileEncoding = 4; lastKnownFileType = sourcecode.c.h; path = MASUtilities.h; sourceTree = "<group>"; };
		512861C41F95AD6D00CD1372 /* MASViewAttribute.h */ = {isa = PBXFileReference; fileEncoding = 4; lastKnownFileType = sourcecode.c.h; path = MASViewAttribute.h; sourceTree = "<group>"; };
		512861C51F95AD6D00CD1372 /* MASViewAttribute.m */ = {isa = PBXFileReference; fileEncoding = 4; lastKnownFileType = sourcecode.c.objc; path = MASViewAttribute.m; sourceTree = "<group>"; };
		512861C61F95AD6D00CD1372 /* MASViewConstraint.h */ = {isa = PBXFileReference; fileEncoding = 4; lastKnownFileType = sourcecode.c.h; path = MASViewConstraint.h; sourceTree = "<group>"; };
		512861C71F95AD6D00CD1372 /* MASViewConstraint.m */ = {isa = PBXFileReference; fileEncoding = 4; lastKnownFileType = sourcecode.c.objc; path = MASViewConstraint.m; sourceTree = "<group>"; };
		512861C81F95AD6D00CD1372 /* NSArray+MASAdditions.h */ = {isa = PBXFileReference; fileEncoding = 4; lastKnownFileType = sourcecode.c.h; path = "NSArray+MASAdditions.h"; sourceTree = "<group>"; };
		512861C91F95AD6D00CD1372 /* NSArray+MASAdditions.m */ = {isa = PBXFileReference; fileEncoding = 4; lastKnownFileType = sourcecode.c.objc; path = "NSArray+MASAdditions.m"; sourceTree = "<group>"; };
		512861CA1F95AD6D00CD1372 /* NSArray+MASShorthandAdditions.h */ = {isa = PBXFileReference; fileEncoding = 4; lastKnownFileType = sourcecode.c.h; path = "NSArray+MASShorthandAdditions.h"; sourceTree = "<group>"; };
		512861CB1F95AD6D00CD1372 /* NSLayoutConstraint+MASDebugAdditions.h */ = {isa = PBXFileReference; fileEncoding = 4; lastKnownFileType = sourcecode.c.h; path = "NSLayoutConstraint+MASDebugAdditions.h"; sourceTree = "<group>"; };
		512861CC1F95AD6D00CD1372 /* NSLayoutConstraint+MASDebugAdditions.m */ = {isa = PBXFileReference; fileEncoding = 4; lastKnownFileType = sourcecode.c.objc; path = "NSLayoutConstraint+MASDebugAdditions.m"; sourceTree = "<group>"; };
		512861CD1F95AD6D00CD1372 /* View+MASAdditions.h */ = {isa = PBXFileReference; fileEncoding = 4; lastKnownFileType = sourcecode.c.h; path = "View+MASAdditions.h"; sourceTree = "<group>"; };
		512861CE1F95AD6D00CD1372 /* View+MASAdditions.m */ = {isa = PBXFileReference; fileEncoding = 4; lastKnownFileType = sourcecode.c.objc; path = "View+MASAdditions.m"; sourceTree = "<group>"; };
		512861CF1F95AD6D00CD1372 /* View+MASShorthandAdditions.h */ = {isa = PBXFileReference; fileEncoding = 4; lastKnownFileType = sourcecode.c.h; path = "View+MASShorthandAdditions.h"; sourceTree = "<group>"; };
		512861D01F95AD6D00CD1372 /* ViewController+MASAdditions.h */ = {isa = PBXFileReference; fileEncoding = 4; lastKnownFileType = sourcecode.c.h; path = "ViewController+MASAdditions.h"; sourceTree = "<group>"; };
		512861D11F95AD6D00CD1372 /* ViewController+MASAdditions.m */ = {isa = PBXFileReference; fileEncoding = 4; lastKnownFileType = sourcecode.c.objc; path = "ViewController+MASAdditions.m"; sourceTree = "<group>"; };
		512861DD1F95ADBC00CD1372 /* MainNewViewController.h */ = {isa = PBXFileReference; fileEncoding = 4; lastKnownFileType = sourcecode.c.h; path = MainNewViewController.h; sourceTree = "<group>"; };
		512861DE1F95ADBC00CD1372 /* MainNewViewController.m */ = {isa = PBXFileReference; fileEncoding = 4; lastKnownFileType = sourcecode.c.objc; path = MainNewViewController.m; sourceTree = "<group>"; };
		512861E11F95C45400CD1372 /* BINTableViewHandle.h */ = {isa = PBXFileReference; fileEncoding = 4; lastKnownFileType = sourcecode.c.h; path = BINTableViewHandle.h; sourceTree = "<group>"; };
		512861E21F95C45400CD1372 /* BINTableViewHandle.m */ = {isa = PBXFileReference; fileEncoding = 4; lastKnownFileType = sourcecode.c.objc; path = BINTableViewHandle.m; sourceTree = "<group>"; };
		512861E51F95C47300CD1372 /* BINTableViewHandleSections.h */ = {isa = PBXFileReference; fileEncoding = 4; lastKnownFileType = sourcecode.c.h; path = BINTableViewHandleSections.h; sourceTree = "<group>"; };
		512861E61F95C47300CD1372 /* BINTableViewHandleSections.m */ = {isa = PBXFileReference; fileEncoding = 4; lastKnownFileType = sourcecode.c.objc; path = BINTableViewHandleSections.m; sourceTree = "<group>"; };
		513F8C7F1F430B680031C8C6 /* Default-568h@2x.png */ = {isa = PBXFileReference; lastKnownFileType = image.png; path = "Default-568h@2x.png"; sourceTree = "<group>"; };
		516E87D52064A00D0037C75B /* BINGroupView.h */ = {isa = PBXFileReference; lastKnownFileType = sourcecode.c.h; path = BINGroupView.h; sourceTree = "<group>"; };
		516E87D62064A00D0037C75B /* BINGroupView.m */ = {isa = PBXFileReference; lastKnownFileType = sourcecode.c.objc; path = BINGroupView.m; sourceTree = "<group>"; };
		5170B4BD1FC26AF600873EA8 /* StackListViewController.h */ = {isa = PBXFileReference; fileEncoding = 4; lastKnownFileType = sourcecode.c.h; path = StackListViewController.h; sourceTree = "<group>"; };
		5170B4BE1FC26AF600873EA8 /* StackListViewController.m */ = {isa = PBXFileReference; fileEncoding = 4; lastKnownFileType = sourcecode.c.objc; path = StackListViewController.m; sourceTree = "<group>"; };
		517561AD206264E800968433 /* UIViewController+Helper.h */ = {isa = PBXFileReference; fileEncoding = 4; lastKnownFileType = sourcecode.c.h; path = "UIViewController+Helper.h"; sourceTree = "<group>"; };
		517561AE206264E800968433 /* UIViewController+Helper.m */ = {isa = PBXFileReference; fileEncoding = 4; lastKnownFileType = sourcecode.c.objc; path = "UIViewController+Helper.m"; sourceTree = "<group>"; };
		51795B691F4432FB002AF228 /* BINStarsView.h */ = {isa = PBXFileReference; fileEncoding = 4; lastKnownFileType = sourcecode.c.h; path = BINStarsView.h; sourceTree = "<group>"; };
		51795B6A1F4432FB002AF228 /* BINStarsView.m */ = {isa = PBXFileReference; fileEncoding = 4; lastKnownFileType = sourcecode.c.objc; path = BINStarsView.m; sourceTree = "<group>"; };
		517C23E9206B454B00149016 /* WHKTableViewFiftyFiveCell.m */ = {isa = PBXFileReference; fileEncoding = 4; lastKnownFileType = sourcecode.c.objc; path = WHKTableViewFiftyFiveCell.m; sourceTree = "<group>"; };
		517C23EA206B454B00149016 /* WHKTableViewFiftyFiveCell.h */ = {isa = PBXFileReference; fileEncoding = 4; lastKnownFileType = sourcecode.c.h; path = WHKTableViewFiftyFiveCell.h; sourceTree = "<group>"; };
		517C23EC206B495B00149016 /* WHKTableViewZeroCell.h */ = {isa = PBXFileReference; fileEncoding = 4; lastKnownFileType = sourcecode.c.h; path = WHKTableViewZeroCell.h; sourceTree = "<group>"; };
		517C23ED206B496100149016 /* WHKTableViewZeroCell.m */ = {isa = PBXFileReference; fileEncoding = 4; lastKnownFileType = sourcecode.c.objc; path = WHKTableViewZeroCell.m; sourceTree = "<group>"; };
		517C2406206B998C00149016 /* BINTabBarView.h */ = {isa = PBXFileReference; lastKnownFileType = sourcecode.c.h; path = BINTabBarView.h; sourceTree = "<group>"; };
		517C2407206B998C00149016 /* BINTabBarView.m */ = {isa = PBXFileReference; lastKnownFileType = sourcecode.c.objc; path = BINTabBarView.m; sourceTree = "<group>"; };
		517D3902206CBEA8005BC021 /* BN_TabBarView.h */ = {isa = PBXFileReference; lastKnownFileType = sourcecode.c.h; path = BN_TabBarView.h; sourceTree = "<group>"; };
		517D3903206CBEA8005BC021 /* BN_TabBarView.m */ = {isa = PBXFileReference; lastKnownFileType = sourcecode.c.objc; path = BN_TabBarView.m; sourceTree = "<group>"; };
		517D3905206CBEFF005BC021 /* LeftMenuViewController.h */ = {isa = PBXFileReference; lastKnownFileType = sourcecode.c.h; path = LeftMenuViewController.h; sourceTree = "<group>"; };
		517D3906206CBEFF005BC021 /* LeftMenuViewController.m */ = {isa = PBXFileReference; lastKnownFileType = sourcecode.c.objc; path = LeftMenuViewController.m; sourceTree = "<group>"; };
		517D390F206CDD03005BC021 /* DKSButton.h */ = {isa = PBXFileReference; fileEncoding = 4; lastKnownFileType = sourcecode.c.h; path = DKSButton.h; sourceTree = "<group>"; };
		517D3910206CDD03005BC021 /* DKSButton.m */ = {isa = PBXFileReference; fileEncoding = 4; lastKnownFileType = sourcecode.c.objc; path = DKSButton.m; sourceTree = "<group>"; };
		51803C482049471800799B48 /* MBProgressHUD.h */ = {isa = PBXFileReference; fileEncoding = 4; lastKnownFileType = sourcecode.c.h; path = MBProgressHUD.h; sourceTree = "<group>"; };
		51803C492049471800799B48 /* MBProgressHUD.m */ = {isa = PBXFileReference; fileEncoding = 4; lastKnownFileType = sourcecode.c.objc; path = MBProgressHUD.m; sourceTree = "<group>"; };
		51803C542049483000799B48 /* MBProgressHUD+Helper.h */ = {isa = PBXFileReference; fileEncoding = 4; lastKnownFileType = sourcecode.c.h; path = "MBProgressHUD+Helper.h"; sourceTree = "<group>"; };
		51803C552049483100799B48 /* MBProgressHUD+Helper.m */ = {isa = PBXFileReference; fileEncoding = 4; lastKnownFileType = sourcecode.c.objc; path = "MBProgressHUD+Helper.m"; sourceTree = "<group>"; };
		51803C58204948AE00799B48 /* UIView+Toast.h */ = {isa = PBXFileReference; fileEncoding = 4; lastKnownFileType = sourcecode.c.h; path = "UIView+Toast.h"; sourceTree = "<group>"; };
		51803C59204948AE00799B48 /* UIView+Toast.m */ = {isa = PBXFileReference; fileEncoding = 4; lastKnownFileType = sourcecode.c.objc; path = "UIView+Toast.m"; sourceTree = "<group>"; };
		518057661F94DB68008D1C0E /* BINAlertView.h */ = {isa = PBXFileReference; fileEncoding = 4; lastKnownFileType = sourcecode.c.h; path = BINAlertView.h; sourceTree = "<group>"; };
		518057671F94DB68008D1C0E /* BINAlertView.m */ = {isa = PBXFileReference; fileEncoding = 4; lastKnownFileType = sourcecode.c.objc; path = BINAlertView.m; sourceTree = "<group>"; };
		5181E9EF207B132900F6C895 /* PopoverAction.h */ = {isa = PBXFileReference; fileEncoding = 4; lastKnownFileType = sourcecode.c.h; path = PopoverAction.h; sourceTree = "<group>"; };
		5181E9F0207B132900F6C895 /* PopoverAction.m */ = {isa = PBXFileReference; fileEncoding = 4; lastKnownFileType = sourcecode.c.objc; path = PopoverAction.m; sourceTree = "<group>"; };
		5181E9F1207B132900F6C895 /* PopoverView.h */ = {isa = PBXFileReference; fileEncoding = 4; lastKnownFileType = sourcecode.c.h; path = PopoverView.h; sourceTree = "<group>"; };
		5181E9F2207B132900F6C895 /* PopoverView.m */ = {isa = PBXFileReference; fileEncoding = 4; lastKnownFileType = sourcecode.c.objc; path = PopoverView.m; sourceTree = "<group>"; };
		5181E9F3207B132900F6C895 /* PopoverViewCell.h */ = {isa = PBXFileReference; fileEncoding = 4; lastKnownFileType = sourcecode.c.h; path = PopoverViewCell.h; sourceTree = "<group>"; };
		5181E9F4207B132900F6C895 /* PopoverViewCell.m */ = {isa = PBXFileReference; fileEncoding = 4; lastKnownFileType = sourcecode.c.objc; path = PopoverViewCell.m; sourceTree = "<group>"; };
		518372B91F7E117D00248179 /* CategoryHeader.h */ = {isa = PBXFileReference; fileEncoding = 4; lastKnownFileType = sourcecode.c.h; path = CategoryHeader.h; sourceTree = "<group>"; };
		518372BE1F7E117D00248179 /* NSDictionary+Helper.h */ = {isa = PBXFileReference; fileEncoding = 4; lastKnownFileType = sourcecode.c.h; path = "NSDictionary+Helper.h"; sourceTree = "<group>"; };
		518372BF1F7E117D00248179 /* NSDictionary+Helper.m */ = {isa = PBXFileReference; fileEncoding = 4; lastKnownFileType = sourcecode.c.objc; path = "NSDictionary+Helper.m"; sourceTree = "<group>"; };
		518372C01F7E117D00248179 /* NSMutableArray+Helper.h */ = {isa = PBXFileReference; fileEncoding = 4; lastKnownFileType = sourcecode.c.h; path = "NSMutableArray+Helper.h"; sourceTree = "<group>"; };
		518372C11F7E117D00248179 /* NSMutableArray+Helper.m */ = {isa = PBXFileReference; fileEncoding = 4; lastKnownFileType = sourcecode.c.objc; path = "NSMutableArray+Helper.m"; sourceTree = "<group>"; };
		518372C21F7E117D00248179 /* NSMutableDictionary+Helper.h */ = {isa = PBXFileReference; fileEncoding = 4; lastKnownFileType = sourcecode.c.h; path = "NSMutableDictionary+Helper.h"; sourceTree = "<group>"; };
		518372C31F7E117D00248179 /* NSMutableDictionary+Helper.m */ = {isa = PBXFileReference; fileEncoding = 4; lastKnownFileType = sourcecode.c.objc; path = "NSMutableDictionary+Helper.m"; sourceTree = "<group>"; };
		518372C41F7E117D00248179 /* NSObject+Helper.h */ = {isa = PBXFileReference; fileEncoding = 4; lastKnownFileType = sourcecode.c.h; path = "NSObject+Helper.h"; sourceTree = "<group>"; };
		518372C51F7E117D00248179 /* NSObject+Helper.m */ = {isa = PBXFileReference; fileEncoding = 4; lastKnownFileType = sourcecode.c.objc; path = "NSObject+Helper.m"; sourceTree = "<group>"; };
		518372C61F7E117D00248179 /* NSString+Helper.h */ = {isa = PBXFileReference; fileEncoding = 4; lastKnownFileType = sourcecode.c.h; path = "NSString+Helper.h"; sourceTree = "<group>"; };
		518372C71F7E117D00248179 /* NSString+Helper.m */ = {isa = PBXFileReference; fileEncoding = 4; lastKnownFileType = sourcecode.c.objc; path = "NSString+Helper.m"; sourceTree = "<group>"; };
		518372C81F7E117D00248179 /* NSString+Regex.h */ = {isa = PBXFileReference; fileEncoding = 4; lastKnownFileType = sourcecode.c.h; path = "NSString+Regex.h"; sourceTree = "<group>"; };
		518372C91F7E117D00248179 /* NSString+Regex.m */ = {isa = PBXFileReference; fileEncoding = 4; lastKnownFileType = sourcecode.c.objc; path = "NSString+Regex.m"; sourceTree = "<group>"; };
		518372CA1F7E117D00248179 /* UIButton+EdgeInsets.h */ = {isa = PBXFileReference; fileEncoding = 4; lastKnownFileType = sourcecode.c.h; path = "UIButton+EdgeInsets.h"; sourceTree = "<group>"; };
		518372CB1F7E117D00248179 /* UIButton+EdgeInsets.m */ = {isa = PBXFileReference; fileEncoding = 4; lastKnownFileType = sourcecode.c.objc; path = "UIButton+EdgeInsets.m"; sourceTree = "<group>"; };
		518372CC1F7E117D00248179 /* UIColor+Helper.h */ = {isa = PBXFileReference; fileEncoding = 4; lastKnownFileType = sourcecode.c.h; path = "UIColor+Helper.h"; sourceTree = "<group>"; };
		518372CD1F7E117D00248179 /* UIColor+Helper.m */ = {isa = PBXFileReference; fileEncoding = 4; lastKnownFileType = sourcecode.c.objc; path = "UIColor+Helper.m"; sourceTree = "<group>"; };
		518372CE1F7E117D00248179 /* UIDevice+Helper.h */ = {isa = PBXFileReference; fileEncoding = 4; lastKnownFileType = sourcecode.c.h; path = "UIDevice+Helper.h"; sourceTree = "<group>"; };
		518372CF1F7E117D00248179 /* UIDevice+Helper.m */ = {isa = PBXFileReference; fileEncoding = 4; lastKnownFileType = sourcecode.c.objc; path = "UIDevice+Helper.m"; sourceTree = "<group>"; };
		518372D01F7E117D00248179 /* UIImage+Helper.h */ = {isa = PBXFileReference; fileEncoding = 4; lastKnownFileType = sourcecode.c.h; path = "UIImage+Helper.h"; sourceTree = "<group>"; };
		518372D11F7E117D00248179 /* UIImage+Helper.m */ = {isa = PBXFileReference; fileEncoding = 4; lastKnownFileType = sourcecode.c.objc; path = "UIImage+Helper.m"; sourceTree = "<group>"; };
		518372D21F7E117D00248179 /* UIImageView+ClickImageEnlarge.h */ = {isa = PBXFileReference; fileEncoding = 4; lastKnownFileType = sourcecode.c.h; path = "UIImageView+ClickImageEnlarge.h"; sourceTree = "<group>"; };
		518372D31F7E117D00248179 /* UIImageView+ClickImageEnlarge.m */ = {isa = PBXFileReference; fileEncoding = 4; lastKnownFileType = sourcecode.c.objc; path = "UIImageView+ClickImageEnlarge.m"; sourceTree = "<group>"; };
		518372D41F7E117D00248179 /* UINavigationController+Cloudox.h */ = {isa = PBXFileReference; fileEncoding = 4; lastKnownFileType = sourcecode.c.h; path = "UINavigationController+Cloudox.h"; sourceTree = "<group>"; };
		518372D51F7E117D00248179 /* UINavigationController+Cloudox.m */ = {isa = PBXFileReference; fileEncoding = 4; lastKnownFileType = sourcecode.c.objc; path = "UINavigationController+Cloudox.m"; sourceTree = "<group>"; };
		518372D61F7E117D00248179 /* UITableViewCell+Helper.h */ = {isa = PBXFileReference; fileEncoding = 4; lastKnownFileType = sourcecode.c.h; path = "UITableViewCell+Helper.h"; sourceTree = "<group>"; };
		518372D71F7E117D00248179 /* UITableViewCell+Helper.m */ = {isa = PBXFileReference; fileEncoding = 4; lastKnownFileType = sourcecode.c.objc; path = "UITableViewCell+Helper.m"; sourceTree = "<group>"; };
		518372D81F7E117D00248179 /* UIView+AddView.h */ = {isa = PBXFileReference; fileEncoding = 4; lastKnownFileType = sourcecode.c.h; path = "UIView+AddView.h"; sourceTree = "<group>"; };
		518372D91F7E117D00248179 /* UIView+AddView.m */ = {isa = PBXFileReference; fileEncoding = 4; lastKnownFileType = sourcecode.c.objc; path = "UIView+AddView.m"; sourceTree = "<group>"; };
		518372DA1F7E117D00248179 /* UIView+Helper.h */ = {isa = PBXFileReference; fileEncoding = 4; lastKnownFileType = sourcecode.c.h; path = "UIView+Helper.h"; sourceTree = "<group>"; };
		518372DB1F7E117D00248179 /* UIView+Helper.m */ = {isa = PBXFileReference; fileEncoding = 4; lastKnownFileType = sourcecode.c.objc; path = "UIView+Helper.m"; sourceTree = "<group>"; };
		518372DC1F7E117D00248179 /* UIViewController+addView.h */ = {isa = PBXFileReference; fileEncoding = 4; lastKnownFileType = sourcecode.c.h; path = "UIViewController+addView.h"; sourceTree = "<group>"; };
		518372DD1F7E117D00248179 /* UIViewController+addView.m */ = {isa = PBXFileReference; fileEncoding = 4; lastKnownFileType = sourcecode.c.objc; path = "UIViewController+addView.m"; sourceTree = "<group>"; };
		518372DE1F7E117D00248179 /* UIViewController+Cloudox.h */ = {isa = PBXFileReference; fileEncoding = 4; lastKnownFileType = sourcecode.c.h; path = "UIViewController+Cloudox.h"; sourceTree = "<group>"; };
		518372DF1F7E117D00248179 /* UIViewController+Cloudox.m */ = {isa = PBXFileReference; fileEncoding = 4; lastKnownFileType = sourcecode.c.objc; path = "UIViewController+Cloudox.m"; sourceTree = "<group>"; };
		518373071F7E225D00248179 /* NextViewController.h */ = {isa = PBXFileReference; fileEncoding = 4; lastKnownFileType = sourcecode.c.h; path = NextViewController.h; sourceTree = "<group>"; };
		518373081F7E225D00248179 /* NextViewController.m */ = {isa = PBXFileReference; fileEncoding = 4; lastKnownFileType = sourcecode.c.objc; path = NextViewController.m; sourceTree = "<group>"; };
		5183730D1F7E22FD00248179 /* BINDataPicker.h */ = {isa = PBXFileReference; fileEncoding = 4; lastKnownFileType = sourcecode.c.h; path = BINDataPicker.h; sourceTree = "<group>"; };
		5183730E1F7E22FD00248179 /* BINDataPicker.m */ = {isa = PBXFileReference; fileEncoding = 4; lastKnownFileType = sourcecode.c.objc; path = BINDataPicker.m; sourceTree = "<group>"; };
		5183730F1F7E22FD00248179 /* BINGuidePageView.h */ = {isa = PBXFileReference; fileEncoding = 4; lastKnownFileType = sourcecode.c.h; path = BINGuidePageView.h; sourceTree = "<group>"; };
		518373101F7E22FD00248179 /* BINGuidePageView.m */ = {isa = PBXFileReference; fileEncoding = 4; lastKnownFileType = sourcecode.c.objc; path = BINGuidePageView.m; sourceTree = "<group>"; };
		518373111F7E22FD00248179 /* BINIconLabelView.h */ = {isa = PBXFileReference; fileEncoding = 4; lastKnownFileType = sourcecode.c.h; path = BINIconLabelView.h; sourceTree = "<group>"; };
		518373121F7E22FD00248179 /* BINIconLabelView.m */ = {isa = PBXFileReference; fileEncoding = 4; lastKnownFileType = sourcecode.c.objc; path = BINIconLabelView.m; sourceTree = "<group>"; };
		518373131F7E22FD00248179 /* BINImgLabelView.h */ = {isa = PBXFileReference; fileEncoding = 4; lastKnownFileType = sourcecode.c.h; path = BINImgLabelView.h; sourceTree = "<group>"; };
		518373141F7E22FD00248179 /* BINImgLabelView.m */ = {isa = PBXFileReference; fileEncoding = 4; lastKnownFileType = sourcecode.c.objc; path = BINImgLabelView.m; sourceTree = "<group>"; };
		518373161F7E22FD00248179 /* BINPhotoBrowser.h */ = {isa = PBXFileReference; fileEncoding = 4; lastKnownFileType = sourcecode.c.h; path = BINPhotoBrowser.h; sourceTree = "<group>"; };
		518373171F7E22FD00248179 /* BINPhotoBrowser.m */ = {isa = PBXFileReference; fileEncoding = 4; lastKnownFileType = sourcecode.c.objc; path = BINPhotoBrowser.m; sourceTree = "<group>"; };
		518373181F7E22FD00248179 /* BINPhotoBrowserConfig.h */ = {isa = PBXFileReference; fileEncoding = 4; lastKnownFileType = sourcecode.c.h; path = BINPhotoBrowserConfig.h; sourceTree = "<group>"; };
		518373191F7E22FD00248179 /* BINPhotoBrowserView.h */ = {isa = PBXFileReference; fileEncoding = 4; lastKnownFileType = sourcecode.c.h; path = BINPhotoBrowserView.h; sourceTree = "<group>"; };
		5183731A1F7E22FD00248179 /* BINPhotoBrowserView.m */ = {isa = PBXFileReference; fileEncoding = 4; lastKnownFileType = sourcecode.c.objc; path = BINPhotoBrowserView.m; sourceTree = "<group>"; };
		5183731B1F7E22FD00248179 /* BINPhotoGroup.h */ = {isa = PBXFileReference; fileEncoding = 4; lastKnownFileType = sourcecode.c.h; path = BINPhotoGroup.h; sourceTree = "<group>"; };
		5183731C1F7E22FD00248179 /* BINPhotoGroup.m */ = {isa = PBXFileReference; fileEncoding = 4; lastKnownFileType = sourcecode.c.objc; path = BINPhotoGroup.m; sourceTree = "<group>"; };
		5183731D1F7E22FD00248179 /* BINPhotoItem.h */ = {isa = PBXFileReference; fileEncoding = 4; lastKnownFileType = sourcecode.c.h; path = BINPhotoItem.h; sourceTree = "<group>"; };
		5183731E1F7E22FD00248179 /* BINPhotoItem.m */ = {isa = PBXFileReference; fileEncoding = 4; lastKnownFileType = sourcecode.c.objc; path = BINPhotoItem.m; sourceTree = "<group>"; };
		5183731F1F7E22FD00248179 /* BINPickerView.h */ = {isa = PBXFileReference; fileEncoding = 4; lastKnownFileType = sourcecode.c.h; path = BINPickerView.h; sourceTree = "<group>"; };
		518373201F7E22FD00248179 /* BINPickerView.m */ = {isa = PBXFileReference; fileEncoding = 4; lastKnownFileType = sourcecode.c.objc; path = BINPickerView.m; sourceTree = "<group>"; };
		518373211F7E22FD00248179 /* BINPickerViewNew.h */ = {isa = PBXFileReference; fileEncoding = 4; lastKnownFileType = sourcecode.c.h; path = BINPickerViewNew.h; sourceTree = "<group>"; };
		518373221F7E22FD00248179 /* BINPickerViewNew.m */ = {isa = PBXFileReference; fileEncoding = 4; lastKnownFileType = sourcecode.c.objc; path = BINPickerViewNew.m; sourceTree = "<group>"; };
		518373231F7E22FD00248179 /* BINRadioView.h */ = {isa = PBXFileReference; fileEncoding = 4; lastKnownFileType = sourcecode.c.h; path = BINRadioView.h; sourceTree = "<group>"; };
		518373241F7E22FD00248179 /* BINRadioView.m */ = {isa = PBXFileReference; fileEncoding = 4; lastKnownFileType = sourcecode.c.objc; path = BINRadioView.m; sourceTree = "<group>"; };
		518373261F7E22FD00248179 /* BINShareDataModel.h */ = {isa = PBXFileReference; fileEncoding = 4; lastKnownFileType = sourcecode.c.h; path = BINShareDataModel.h; sourceTree = "<group>"; };
		518373271F7E22FD00248179 /* BINShareDataModel.m */ = {isa = PBXFileReference; fileEncoding = 4; lastKnownFileType = sourcecode.c.objc; path = BINShareDataModel.m; sourceTree = "<group>"; };
		518373281F7E22FD00248179 /* BINShareModel.h */ = {isa = PBXFileReference; fileEncoding = 4; lastKnownFileType = sourcecode.c.h; path = BINShareModel.h; sourceTree = "<group>"; };
		518373291F7E22FD00248179 /* BINShareModel.m */ = {isa = PBXFileReference; fileEncoding = 4; lastKnownFileType = sourcecode.c.objc; path = BINShareModel.m; sourceTree = "<group>"; };
		5183732A1F7E22FD00248179 /* BINShareModelView.h */ = {isa = PBXFileReference; fileEncoding = 4; lastKnownFileType = sourcecode.c.h; path = BINShareModelView.h; sourceTree = "<group>"; };
		5183732B1F7E22FD00248179 /* BINShareModelView.m */ = {isa = PBXFileReference; fileEncoding = 4; lastKnownFileType = sourcecode.c.objc; path = BINShareModelView.m; sourceTree = "<group>"; };
		5183732C1F7E22FD00248179 /* BINShareView.h */ = {isa = PBXFileReference; fileEncoding = 4; lastKnownFileType = sourcecode.c.h; path = BINShareView.h; sourceTree = "<group>"; };
		5183732D1F7E22FD00248179 /* BINShareView.m */ = {isa = PBXFileReference; fileEncoding = 4; lastKnownFileType = sourcecode.c.objc; path = BINShareView.m; sourceTree = "<group>"; };
		5183732E1F7E22FD00248179 /* BINTextField.h */ = {isa = PBXFileReference; fileEncoding = 4; lastKnownFileType = sourcecode.c.h; path = BINTextField.h; sourceTree = "<group>"; };
		5183732F1F7E22FD00248179 /* BINTextField.m */ = {isa = PBXFileReference; fileEncoding = 4; lastKnownFileType = sourcecode.c.objc; path = BINTextField.m; sourceTree = "<group>"; };
		518373301F7E22FD00248179 /* BINTextView.h */ = {isa = PBXFileReference; fileEncoding = 4; lastKnownFileType = sourcecode.c.h; path = BINTextView.h; sourceTree = "<group>"; };
		518373311F7E22FD00248179 /* BINTextView.m */ = {isa = PBXFileReference; fileEncoding = 4; lastKnownFileType = sourcecode.c.objc; path = BINTextView.m; sourceTree = "<group>"; };
		518373321F7E22FD00248179 /* WHKLeftMenuView.h */ = {isa = PBXFileReference; fileEncoding = 4; lastKnownFileType = sourcecode.c.h; path = WHKLeftMenuView.h; sourceTree = "<group>"; };
		518373331F7E22FD00248179 /* WHKLeftMenuView.m */ = {isa = PBXFileReference; fileEncoding = 4; lastKnownFileType = sourcecode.c.objc; path = WHKLeftMenuView.m; sourceTree = "<group>"; };
		5183734D1F7E232F00248179 /* HZPhotoBrowserConfig.h */ = {isa = PBXFileReference; fileEncoding = 4; lastKnownFileType = sourcecode.c.h; path = HZPhotoBrowserConfig.h; sourceTree = "<group>"; };
		5183734E1F7E238000248179 /* BINAlertView-Prefix.pch */ = {isa = PBXFileReference; fileEncoding = 4; lastKnownFileType = sourcecode.c.h; path = "BINAlertView-Prefix.pch"; sourceTree = "<group>"; };
		518373531F7E23BF00248179 /* UILabel+YBAttributeTextTapAction.h */ = {isa = PBXFileReference; fileEncoding = 4; lastKnownFileType = sourcecode.c.h; path = "UILabel+YBAttributeTextTapAction.h"; sourceTree = "<group>"; };
		518373541F7E23BF00248179 /* UILabel+YBAttributeTextTapAction.m */ = {isa = PBXFileReference; fileEncoding = 4; lastKnownFileType = sourcecode.c.objc; path = "UILabel+YBAttributeTextTapAction.m"; sourceTree = "<group>"; };
		518BDE222065FBE800DC925D /* NSObject+Testing.h */ = {isa = PBXFileReference; lastKnownFileType = sourcecode.c.h; path = "NSObject+Testing.h"; sourceTree = "<group>"; };
		518BDE232065FBE800DC925D /* NSObject+Testing.m */ = {isa = PBXFileReference; lastKnownFileType = sourcecode.c.objc; path = "NSObject+Testing.m"; sourceTree = "<group>"; };
		518FD846204801A000FD7ADA /* UIApplication+Helper.m */ = {isa = PBXFileReference; fileEncoding = 4; lastKnownFileType = sourcecode.c.objc; path = "UIApplication+Helper.m"; sourceTree = "<group>"; };
		518FD84A204801A100FD7ADA /* UIApplication+Helper.h */ = {isa = PBXFileReference; fileEncoding = 4; lastKnownFileType = sourcecode.c.h; path = "UIApplication+Helper.h"; sourceTree = "<group>"; };
		518FD859204803BF00FD7ADA /* StaticNSString.h */ = {isa = PBXFileReference; fileEncoding = 4; lastKnownFileType = sourcecode.c.h; path = StaticNSString.h; sourceTree = "<group>"; };
		518FD85A204803BF00FD7ADA /* StaticNSString.m */ = {isa = PBXFileReference; fileEncoding = 4; lastKnownFileType = sourcecode.c.objc; path = StaticNSString.m; sourceTree = "<group>"; };
		518FD85B204803BF00FD7ADA /* Utilities_DigitalMedia.h */ = {isa = PBXFileReference; fileEncoding = 4; lastKnownFileType = sourcecode.c.h; path = Utilities_DigitalMedia.h; sourceTree = "<group>"; };
		518FD85C204803BF00FD7ADA /* Utilities_DigitalMedia.m */ = {isa = PBXFileReference; fileEncoding = 4; lastKnownFileType = sourcecode.c.objc; path = Utilities_DigitalMedia.m; sourceTree = "<group>"; };
		518FD85F204803C000FD7ADA /* AppDelegate.h */ = {isa = PBXFileReference; fileEncoding = 4; lastKnownFileType = sourcecode.c.h; path = AppDelegate.h; sourceTree = "<group>"; };
		518FD860204803C000FD7ADA /* AppDelegate.m */ = {isa = PBXFileReference; fileEncoding = 4; lastKnownFileType = sourcecode.c.objc; path = AppDelegate.m; sourceTree = "<group>"; };
		518FD8672048085F00FD7ADA /* UIButton+Helper.m */ = {isa = PBXFileReference; fileEncoding = 4; lastKnownFileType = sourcecode.c.objc; path = "UIButton+Helper.m"; sourceTree = "<group>"; };
		518FD8682048086000FD7ADA /* UIButton+Helper.h */ = {isa = PBXFileReference; fileEncoding = 4; lastKnownFileType = sourcecode.c.h; path = "UIButton+Helper.h"; sourceTree = "<group>"; };
		518FD86A20480DC700FD7ADA /* MarcoFuntions.h */ = {isa = PBXFileReference; fileEncoding = 4; lastKnownFileType = sourcecode.c.h; path = MarcoFuntions.h; sourceTree = "<group>"; };
		51C5AF22205FA1C9000E8EA1 /* UIViewController+Helper.m */ = {isa = PBXFileReference; fileEncoding = 4; lastKnownFileType = sourcecode.c.objc; name = "UIViewController+Helper.m"; path = "../../../../../HuiZhuBang/HuiZhuBang/HuiZhuBang/Expand/Category/UIViewController+Helper.m"; sourceTree = "<group>"; };
		51C5AF23205FA1C9000E8EA1 /* UIViewController+Helper.h */ = {isa = PBXFileReference; fileEncoding = 4; lastKnownFileType = sourcecode.c.h; name = "UIViewController+Helper.h"; path = "../../../../../HuiZhuBang/HuiZhuBang/HuiZhuBang/Expand/Category/UIViewController+Helper.h"; sourceTree = "<group>"; };
		51C5AF25205FA2F1000E8EA1 /* MacroBIN.h */ = {isa = PBXFileReference; fileEncoding = 4; lastKnownFileType = sourcecode.c.h; path = MacroBIN.h; sourceTree = "<group>"; };
		51C5AF26205FA2F1000E8EA1 /* MacroUtilities.h */ = {isa = PBXFileReference; fileEncoding = 4; lastKnownFileType = sourcecode.c.h; path = MacroUtilities.h; sourceTree = "<group>"; };
/* End PBXFileReference section */

/* Begin PBXFrameworksBuildPhase section */
		34098D1219EF962A006806A6 /* Frameworks */ = {
			isa = PBXFrameworksBuildPhase;
			buildActionMask = 2147483647;
			files = (
				34098D1B19EF962A006806A6 /* CoreGraphics.framework in Frameworks */,
				34098D1D19EF962A006806A6 /* UIKit.framework in Frameworks */,
				34098D1919EF962A006806A6 /* Foundation.framework in Frameworks */,
			);
			runOnlyForDeploymentPostprocessing = 0;
		};
		34098D2D19EF962B006806A6 /* Frameworks */ = {
			isa = PBXFrameworksBuildPhase;
			buildActionMask = 2147483647;
			files = (
				34098D3219EF962B006806A6 /* XCTest.framework in Frameworks */,
				34098D3419EF962B006806A6 /* UIKit.framework in Frameworks */,
				34098D3319EF962B006806A6 /* Foundation.framework in Frameworks */,
			);
			runOnlyForDeploymentPostprocessing = 0;
		};
/* End PBXFrameworksBuildPhase section */

/* Begin PBXGroup section */
		34098D0C19EF962A006806A6 = {
			isa = PBXGroup;
			children = (
				34098D1E19EF962A006806A6 /* BINAlertView */,
				34098D3719EF962B006806A6 /* BINAlertViewTests */,
				34098D1719EF962A006806A6 /* Frameworks */,
				34098D1619EF962A006806A6 /* Products */,
			);
			sourceTree = "<group>";
		};
		34098D1619EF962A006806A6 /* Products */ = {
			isa = PBXGroup;
			children = (
				34098D1519EF962A006806A6 /* BINAlertView.app */,
				34098D3019EF962B006806A6 /* BINAlertViewTests.xctest */,
			);
			name = Products;
			sourceTree = "<group>";
		};
		34098D1719EF962A006806A6 /* Frameworks */ = {
			isa = PBXGroup;
			children = (
				34098D1819EF962A006806A6 /* Foundation.framework */,
				34098D1A19EF962A006806A6 /* CoreGraphics.framework */,
				34098D1C19EF962A006806A6 /* UIKit.framework */,
				34098D3119EF962B006806A6 /* XCTest.framework */,
			);
			name = Frameworks;
			sourceTree = "<group>";
		};
		34098D1E19EF962A006806A6 /* BINAlertView */ = {
			isa = PBXGroup;
			children = (
				517C23E8206B452F00149016 /* CellModel */,
				518FD85F204803C000FD7ADA /* AppDelegate.h */,
				518FD860204803C000FD7ADA /* AppDelegate.m */,
				518FD8542048031100FD7ADA /* Class */,
				518FD855204803BF00FD7ADA /* Common */,
				518372B81F7E117D00248179 /* Categry */,
				518FD84E204801D400FD7ADA /* Vendor */,
				512861AF1F95ACFB00CD1372 /* Tools */,
				5183730A1F7E22FD00248179 /* View */,
				518FD8502048028500FD7ADA /* Resoure */,
				34098D2A19EF962A006806A6 /* Images.xcassets */,
				34098D1F19EF962A006806A6 /* Supporting Files */,
			);
			path = BINAlertView;
			sourceTree = "<group>";
		};
		34098D1F19EF962A006806A6 /* Supporting Files */ = {
			isa = PBXGroup;
			children = (
				513F8C7F1F430B680031C8C6 /* Default-568h@2x.png */,
				34098D2019EF962A006806A6 /* BINAlertView-Info.plist */,
				34098D2119EF962A006806A6 /* InfoPlist.strings */,
				34098D2419EF962A006806A6 /* main.m */,
				5183734E1F7E238000248179 /* BINAlertView-Prefix.pch */,
			);
			name = "Supporting Files";
			sourceTree = "<group>";
		};
		34098D3719EF962B006806A6 /* BINAlertViewTests */ = {
			isa = PBXGroup;
			children = (
				34098D3D19EF962B006806A6 /* BINAlertViewTests.m */,
				34098D3819EF962B006806A6 /* Supporting Files */,
			);
			path = BINAlertViewTests;
			sourceTree = "<group>";
		};
		34098D3819EF962B006806A6 /* Supporting Files */ = {
			isa = PBXGroup;
			children = (
				34098D3919EF962B006806A6 /* BINAlertViewTests-Info.plist */,
				34098D3A19EF962B006806A6 /* InfoPlist.strings */,
			);
			name = "Supporting Files";
			sourceTree = "<group>";
		};
		512861AF1F95ACFB00CD1372 /* Tools */ = {
			isa = PBXGroup;
			children = (
				518FD84F204801EE00FD7ADA /* BINTableViewHandle */,
			);
			path = Tools;
			sourceTree = "<group>";
		};
		512861B01F95AD2900CD1372 /* MQVerViewInputView */ = {
			isa = PBXGroup;
			children = (
				512861B11F95AD2900CD1372 /* MQVerCodeInputView.h */,
				512861B21F95AD2900CD1372 /* MQVerCodeInputView.m */,
				512861B31F95AD2900CD1372 /* UIView+MQ.h */,
				512861B41F95AD2900CD1372 /* UIView+MQ.m */,
			);
			path = MQVerViewInputView;
			sourceTree = "<group>";
		};
		512861B71F95AD6D00CD1372 /* Masonry */ = {
			isa = PBXGroup;
			children = (
				512861B81F95AD6D00CD1372 /* Info.plist */,
				512861B91F95AD6D00CD1372 /* MASCompositeConstraint.h */,
				512861BA1F95AD6D00CD1372 /* MASCompositeConstraint.m */,
				512861BB1F95AD6D00CD1372 /* MASConstraint+Private.h */,
				512861BC1F95AD6D00CD1372 /* MASConstraint.h */,
				512861BD1F95AD6D00CD1372 /* MASConstraint.m */,
				512861BE1F95AD6D00CD1372 /* MASConstraintMaker.h */,
				512861BF1F95AD6D00CD1372 /* MASConstraintMaker.m */,
				512861C01F95AD6D00CD1372 /* MASLayoutConstraint.h */,
				512861C11F95AD6D00CD1372 /* MASLayoutConstraint.m */,
				512861C21F95AD6D00CD1372 /* Masonry.h */,
				512861C31F95AD6D00CD1372 /* MASUtilities.h */,
				512861C41F95AD6D00CD1372 /* MASViewAttribute.h */,
				512861C51F95AD6D00CD1372 /* MASViewAttribute.m */,
				512861C61F95AD6D00CD1372 /* MASViewConstraint.h */,
				512861C71F95AD6D00CD1372 /* MASViewConstraint.m */,
				512861C81F95AD6D00CD1372 /* NSArray+MASAdditions.h */,
				512861C91F95AD6D00CD1372 /* NSArray+MASAdditions.m */,
				512861CA1F95AD6D00CD1372 /* NSArray+MASShorthandAdditions.h */,
				512861CB1F95AD6D00CD1372 /* NSLayoutConstraint+MASDebugAdditions.h */,
				512861CC1F95AD6D00CD1372 /* NSLayoutConstraint+MASDebugAdditions.m */,
				512861CD1F95AD6D00CD1372 /* View+MASAdditions.h */,
				512861CE1F95AD6D00CD1372 /* View+MASAdditions.m */,
				512861CF1F95AD6D00CD1372 /* View+MASShorthandAdditions.h */,
				512861D01F95AD6D00CD1372 /* ViewController+MASAdditions.h */,
				512861D11F95AD6D00CD1372 /* ViewController+MASAdditions.m */,
			);
			path = Masonry;
			sourceTree = "<group>";
		};
		517C23E8206B452F00149016 /* CellModel */ = {
			isa = PBXGroup;
			children = (
				517C23EA206B454B00149016 /* WHKTableViewFiftyFiveCell.h */,
				517C23E9206B454B00149016 /* WHKTableViewFiftyFiveCell.m */,
				517C23EC206B495B00149016 /* WHKTableViewZeroCell.h */,
				517C23ED206B496100149016 /* WHKTableViewZeroCell.m */,
			);
			path = CellModel;
			sourceTree = "<group>";
		};
		517D390E206CDD03005BC021 /* DKSButton */ = {
			isa = PBXGroup;
			children = (
				517D390F206CDD03005BC021 /* DKSButton.h */,
				517D3910206CDD03005BC021 /* DKSButton.m */,
			);
			path = DKSButton;
			sourceTree = "<group>";
		};
		51803C47204946F800799B48 /* MBProgressHUD */ = {
			isa = PBXGroup;
			children = (
				51803C482049471800799B48 /* MBProgressHUD.h */,
				51803C492049471800799B48 /* MBProgressHUD.m */,
			);
			path = MBProgressHUD;
			sourceTree = "<group>";
		};
		51803C57204948AE00799B48 /* Toast */ = {
			isa = PBXGroup;
			children = (
				51803C58204948AE00799B48 /* UIView+Toast.h */,
				51803C59204948AE00799B48 /* UIView+Toast.m */,
			);
			path = Toast;
			sourceTree = "<group>";
		};
		5181E9EE207B132900F6C895 /* PopoverView */ = {
			isa = PBXGroup;
			children = (
				5181E9EF207B132900F6C895 /* PopoverAction.h */,
				5181E9F0207B132900F6C895 /* PopoverAction.m */,
				5181E9F1207B132900F6C895 /* PopoverView.h */,
				5181E9F2207B132900F6C895 /* PopoverView.m */,
				5181E9F3207B132900F6C895 /* PopoverViewCell.h */,
				5181E9F4207B132900F6C895 /* PopoverViewCell.m */,
			);
			path = PopoverView;
			sourceTree = "<group>";
		};
		518372B81F7E117D00248179 /* Categry */ = {
			isa = PBXGroup;
			children = (
				517561AD206264E800968433 /* UIViewController+Helper.h */,
				517561AE206264E800968433 /* UIViewController+Helper.m */,
				518372B91F7E117D00248179 /* CategoryHeader.h */,
				51C5AF23205FA1C9000E8EA1 /* UIViewController+Helper.h */,
				51C5AF22205FA1C9000E8EA1 /* UIViewController+Helper.m */,
				51803C542049483000799B48 /* MBProgressHUD+Helper.h */,
				51803C552049483100799B48 /* MBProgressHUD+Helper.m */,
				518FD84A204801A100FD7ADA /* UIApplication+Helper.h */,
				518FD846204801A000FD7ADA /* UIApplication+Helper.m */,
				518373531F7E23BF00248179 /* UILabel+YBAttributeTextTapAction.h */,
				518373541F7E23BF00248179 /* UILabel+YBAttributeTextTapAction.m */,
				518372BE1F7E117D00248179 /* NSDictionary+Helper.h */,
				518372BF1F7E117D00248179 /* NSDictionary+Helper.m */,
				518372C01F7E117D00248179 /* NSMutableArray+Helper.h */,
				518372C11F7E117D00248179 /* NSMutableArray+Helper.m */,
				518372C21F7E117D00248179 /* NSMutableDictionary+Helper.h */,
				518372C31F7E117D00248179 /* NSMutableDictionary+Helper.m */,
				518372C41F7E117D00248179 /* NSObject+Helper.h */,
				518372C51F7E117D00248179 /* NSObject+Helper.m */,
				518372C61F7E117D00248179 /* NSString+Helper.h */,
				518372C71F7E117D00248179 /* NSString+Helper.m */,
				518372C81F7E117D00248179 /* NSString+Regex.h */,
				518372C91F7E117D00248179 /* NSString+Regex.m */,
				518372CA1F7E117D00248179 /* UIButton+EdgeInsets.h */,
				518372CB1F7E117D00248179 /* UIButton+EdgeInsets.m */,
				518FD8682048086000FD7ADA /* UIButton+Helper.h */,
				518FD8672048085F00FD7ADA /* UIButton+Helper.m */,
				518372CC1F7E117D00248179 /* UIColor+Helper.h */,
				518372CD1F7E117D00248179 /* UIColor+Helper.m */,
				518372CE1F7E117D00248179 /* UIDevice+Helper.h */,
				518372CF1F7E117D00248179 /* UIDevice+Helper.m */,
				518372D01F7E117D00248179 /* UIImage+Helper.h */,
				518372D11F7E117D00248179 /* UIImage+Helper.m */,
				518372D21F7E117D00248179 /* UIImageView+ClickImageEnlarge.h */,
				518372D31F7E117D00248179 /* UIImageView+ClickImageEnlarge.m */,
				518372D41F7E117D00248179 /* UINavigationController+Cloudox.h */,
				518372D51F7E117D00248179 /* UINavigationController+Cloudox.m */,
				518372D61F7E117D00248179 /* UITableViewCell+Helper.h */,
				518372D71F7E117D00248179 /* UITableViewCell+Helper.m */,
				518372D81F7E117D00248179 /* UIView+AddView.h */,
				518372D91F7E117D00248179 /* UIView+AddView.m */,
				518372DA1F7E117D00248179 /* UIView+Helper.h */,
				518372DB1F7E117D00248179 /* UIView+Helper.m */,
				518372DC1F7E117D00248179 /* UIViewController+addView.h */,
				518372DD1F7E117D00248179 /* UIViewController+addView.m */,
				518372DE1F7E117D00248179 /* UIViewController+Cloudox.h */,
				518372DF1F7E117D00248179 /* UIViewController+Cloudox.m */,
				518BDE222065FBE800DC925D /* NSObject+Testing.h */,
				518BDE232065FBE800DC925D /* NSObject+Testing.m */,
			);
			path = Categry;
			sourceTree = "<group>";
		};
		5183730A1F7E22FD00248179 /* View */ = {
			isa = PBXGroup;
			children = (
				51795B691F4432FB002AF228 /* BINStarsView.h */,
				51795B6A1F4432FB002AF228 /* BINStarsView.m */,
				5183734D1F7E232F00248179 /* HZPhotoBrowserConfig.h */,
				5183730D1F7E22FD00248179 /* BINDataPicker.h */,
				5183730E1F7E22FD00248179 /* BINDataPicker.m */,
				5183730F1F7E22FD00248179 /* BINGuidePageView.h */,
				518373101F7E22FD00248179 /* BINGuidePageView.m */,
				518373111F7E22FD00248179 /* BINIconLabelView.h */,
				518373121F7E22FD00248179 /* BINIconLabelView.m */,
				518373131F7E22FD00248179 /* BINImgLabelView.h */,
				518373141F7E22FD00248179 /* BINImgLabelView.m */,
				518373151F7E22FD00248179 /* BINPhotoBrowser */,
				5183731F1F7E22FD00248179 /* BINPickerView.h */,
				518373201F7E22FD00248179 /* BINPickerView.m */,
				518373211F7E22FD00248179 /* BINPickerViewNew.h */,
				518373221F7E22FD00248179 /* BINPickerViewNew.m */,
				518373231F7E22FD00248179 /* BINRadioView.h */,
				518373241F7E22FD00248179 /* BINRadioView.m */,
				518373251F7E22FD00248179 /* BINShareView */,
				5183732E1F7E22FD00248179 /* BINTextField.h */,
				5183732F1F7E22FD00248179 /* BINTextField.m */,
				518373301F7E22FD00248179 /* BINTextView.h */,
				518373311F7E22FD00248179 /* BINTextView.m */,
				518373321F7E22FD00248179 /* WHKLeftMenuView.h */,
				518373331F7E22FD00248179 /* WHKLeftMenuView.m */,
				516E87D52064A00D0037C75B /* BINGroupView.h */,
				516E87D62064A00D0037C75B /* BINGroupView.m */,
			);
			path = View;
			sourceTree = "<group>";
		};
		518373151F7E22FD00248179 /* BINPhotoBrowser */ = {
			isa = PBXGroup;
			children = (
				518373161F7E22FD00248179 /* BINPhotoBrowser.h */,
				518373171F7E22FD00248179 /* BINPhotoBrowser.m */,
				518373181F7E22FD00248179 /* BINPhotoBrowserConfig.h */,
				518373191F7E22FD00248179 /* BINPhotoBrowserView.h */,
				5183731A1F7E22FD00248179 /* BINPhotoBrowserView.m */,
				5183731B1F7E22FD00248179 /* BINPhotoGroup.h */,
				5183731C1F7E22FD00248179 /* BINPhotoGroup.m */,
				5183731D1F7E22FD00248179 /* BINPhotoItem.h */,
				5183731E1F7E22FD00248179 /* BINPhotoItem.m */,
			);
			path = BINPhotoBrowser;
			sourceTree = "<group>";
		};
		518373251F7E22FD00248179 /* BINShareView */ = {
			isa = PBXGroup;
			children = (
				518373261F7E22FD00248179 /* BINShareDataModel.h */,
				518373271F7E22FD00248179 /* BINShareDataModel.m */,
				518373281F7E22FD00248179 /* BINShareModel.h */,
				518373291F7E22FD00248179 /* BINShareModel.m */,
				5183732A1F7E22FD00248179 /* BINShareModelView.h */,
				5183732B1F7E22FD00248179 /* BINShareModelView.m */,
				5183732C1F7E22FD00248179 /* BINShareView.h */,
				5183732D1F7E22FD00248179 /* BINShareView.m */,
			);
			path = BINShareView;
			sourceTree = "<group>";
		};
		518FD84E204801D400FD7ADA /* Vendor */ = {
			isa = PBXGroup;
			children = (
				5181E9EE207B132900F6C895 /* PopoverView */,
				517D390E206CDD03005BC021 /* DKSButton */,
				51803C57204948AE00799B48 /* Toast */,
				51803C47204946F800799B48 /* MBProgressHUD */,
				512861B71F95AD6D00CD1372 /* Masonry */,
				512861B01F95AD2900CD1372 /* MQVerViewInputView */,
			);
			path = Vendor;
			sourceTree = "<group>";
		};
		518FD84F204801EE00FD7ADA /* BINTableViewHandle */ = {
			isa = PBXGroup;
			children = (
				512861E11F95C45400CD1372 /* BINTableViewHandle.h */,
				512861E21F95C45400CD1372 /* BINTableViewHandle.m */,
				512861E51F95C47300CD1372 /* BINTableViewHandleSections.h */,
				512861E61F95C47300CD1372 /* BINTableViewHandleSections.m */,
			);
			path = BINTableViewHandle;
			sourceTree = "<group>";
		};
		518FD8502048028500FD7ADA /* Resoure */ = {
			isa = PBXGroup;
			children = (
				5105C4832060B322007579B0 /* 警告.png */,
				5105C4822060B322007579B0 /* 修改.png */,
				34E450C61A7F0D1800AAFB18 /* star.png */,
				34E450C71A7F0D1800AAFB18 /* star_h.jpg */,
				34E450C81A7F0D1800AAFB18 /* star_n.jpg */,
				34ACDC661A7B78CA00794B59 /* dragon.png */,
			);
			path = Resoure;
			sourceTree = "<group>";
		};
		518FD853204802DE00FD7ADA /* Main */ = {
			isa = PBXGroup;
			children = (
				34098D4A19EF965C006806A6 /* MainViewController.h */,
				34098D4B19EF965C006806A6 /* MainViewController.m */,
				512861DD1F95ADBC00CD1372 /* MainNewViewController.h */,
				512861DE1F95ADBC00CD1372 /* MainNewViewController.m */,
				518373071F7E225D00248179 /* NextViewController.h */,
				518373081F7E225D00248179 /* NextViewController.m */,
				5170B4BD1FC26AF600873EA8 /* StackListViewController.h */,
				5170B4BE1FC26AF600873EA8 /* StackListViewController.m */,
				517D3905206CBEFF005BC021 /* LeftMenuViewController.h */,
				517D3906206CBEFF005BC021 /* LeftMenuViewController.m */,
			);
			path = Main;
			sourceTree = "<group>";
		};
		518FD8542048031100FD7ADA /* Class */ = {
			isa = PBXGroup;
			children = (
				518FD853204802DE00FD7ADA /* Main */,
				34098D5019EFB159006806A6 /* MyView.h */,
				34098D5119EFB159006806A6 /* MyView.m */,
				34098D4D19EF9783006806A6 /* CustomAlertView.h */,
				34098D4E19EF9784006806A6 /* CustomAlertView.m */,
				518057661F94DB68008D1C0E /* BINAlertView.h */,
				518057671F94DB68008D1C0E /* BINAlertView.m */,
				517C2406206B998C00149016 /* BINTabBarView.h */,
				517C2407206B998C00149016 /* BINTabBarView.m */,
				517D3902206CBEA8005BC021 /* BN_TabBarView.h */,
				517D3903206CBEA8005BC021 /* BN_TabBarView.m */,
			);
			path = Class;
			sourceTree = "<group>";
		};
		518FD855204803BF00FD7ADA /* Common */ = {
			isa = PBXGroup;
			children = (
				51C5AF25205FA2F1000E8EA1 /* MacroBIN.h */,
				51C5AF26205FA2F1000E8EA1 /* MacroUtilities.h */,
				518FD86A20480DC700FD7ADA /* MarcoFuntions.h */,
				518FD859204803BF00FD7ADA /* StaticNSString.h */,
				518FD85A204803BF00FD7ADA /* StaticNSString.m */,
				518FD85B204803BF00FD7ADA /* Utilities_DigitalMedia.h */,
				518FD85C204803BF00FD7ADA /* Utilities_DigitalMedia.m */,
			);
			path = Common;
			sourceTree = "<group>";
		};
/* End PBXGroup section */

/* Begin PBXNativeTarget section */
		34098D1419EF962A006806A6 /* BINAlertView */ = {
			isa = PBXNativeTarget;
			buildConfigurationList = 34098D4119EF962B006806A6 /* Build configuration list for PBXNativeTarget "BINAlertView" */;
			buildPhases = (
				34098D1119EF962A006806A6 /* Sources */,
				34098D1219EF962A006806A6 /* Frameworks */,
				34098D1319EF962A006806A6 /* Resources */,
			);
			buildRules = (
			);
			dependencies = (
			);
			name = BINAlertView;
			productName = BINAlertView;
			productReference = 34098D1519EF962A006806A6 /* BINAlertView.app */;
			productType = "com.apple.product-type.application";
		};
		34098D2F19EF962B006806A6 /* BINAlertViewTests */ = {
			isa = PBXNativeTarget;
			buildConfigurationList = 34098D4419EF962B006806A6 /* Build configuration list for PBXNativeTarget "BINAlertViewTests" */;
			buildPhases = (
				34098D2C19EF962B006806A6 /* Sources */,
				34098D2D19EF962B006806A6 /* Frameworks */,
				34098D2E19EF962B006806A6 /* Resources */,
			);
			buildRules = (
			);
			dependencies = (
				34098D3619EF962B006806A6 /* PBXTargetDependency */,
			);
			name = BINAlertViewTests;
			productName = BINAlertViewTests;
			productReference = 34098D3019EF962B006806A6 /* BINAlertViewTests.xctest */;
			productType = "com.apple.product-type.bundle.unit-test";
		};
/* End PBXNativeTarget section */

/* Begin PBXProject section */
		34098D0D19EF962A006806A6 /* Project object */ = {
			isa = PBXProject;
			attributes = {
				LastUpgradeCheck = 0500;
				ORGANIZATIONNAME = SouFun;
				TargetAttributes = {
					34098D2F19EF962B006806A6 = {
						TestTargetID = 34098D1419EF962A006806A6;
					};
				};
			};
			buildConfigurationList = 34098D1019EF962A006806A6 /* Build configuration list for PBXProject "BINAlertView" */;
			compatibilityVersion = "Xcode 3.2";
			developmentRegion = English;
			hasScannedForEncodings = 0;
			knownRegions = (
				en,
			);
			mainGroup = 34098D0C19EF962A006806A6;
			productRefGroup = 34098D1619EF962A006806A6 /* Products */;
			projectDirPath = "";
			projectRoot = "";
			targets = (
				34098D1419EF962A006806A6 /* BINAlertView */,
				34098D2F19EF962B006806A6 /* BINAlertViewTests */,
			);
		};
/* End PBXProject section */

/* Begin PBXResourcesBuildPhase section */
		34098D1319EF962A006806A6 /* Resources */ = {
			isa = PBXResourcesBuildPhase;
			buildActionMask = 2147483647;
			files = (
				34098D2319EF962A006806A6 /* InfoPlist.strings in Resources */,
				34E450C91A7F0D1800AAFB18 /* star.png in Resources */,
				34E450CB1A7F0D1800AAFB18 /* star_n.jpg in Resources */,
				5105C4842060B322007579B0 /* 修改.png in Resources */,
				34098D2B19EF962A006806A6 /* Images.xcassets in Resources */,
				5105C4852060B322007579B0 /* 警告.png in Resources */,
				34ACDC671A7B78CA00794B59 /* dragon.png in Resources */,
				513F8C801F430B680031C8C6 /* Default-568h@2x.png in Resources */,
				34E450CA1A7F0D1800AAFB18 /* star_h.jpg in Resources */,
				512861D21F95AD6D00CD1372 /* Info.plist in Resources */,
			);
			runOnlyForDeploymentPostprocessing = 0;
		};
		34098D2E19EF962B006806A6 /* Resources */ = {
			isa = PBXResourcesBuildPhase;
			buildActionMask = 2147483647;
			files = (
				34098D3C19EF962B006806A6 /* InfoPlist.strings in Resources */,
			);
			runOnlyForDeploymentPostprocessing = 0;
		};
/* End PBXResourcesBuildPhase section */

/* Begin PBXSourcesBuildPhase section */
		34098D1119EF962A006806A6 /* Sources */ = {
			isa = PBXSourcesBuildPhase;
			buildActionMask = 2147483647;
			files = (
				518372F61F7E117D00248179 /* UIDevice+Helper.m in Sources */,
				34098D2519EF962A006806A6 /* main.m in Sources */,
				5181E9F6207B132900F6C895 /* PopoverView.m in Sources */,
				512861DA1F95AD6E00CD1372 /* NSLayoutConstraint+MASDebugAdditions.m in Sources */,
				518372F71F7E117D00248179 /* UIImage+Helper.m in Sources */,
				518057691F94DB68008D1C0E /* BINAlertView.m in Sources */,
				51795B6B1F4432FB002AF228 /* BINStarsView.m in Sources */,
				518373451F7E22FD00248179 /* BINShareModel.m in Sources */,
				5183733E1F7E22FD00248179 /* BINPhotoBrowserView.m in Sources */,
				51803C5A204948AF00799B48 /* UIView+Toast.m in Sources */,
				518373491F7E22FD00248179 /* BINTextView.m in Sources */,
				512861D31F95AD6E00CD1372 /* MASCompositeConstraint.m in Sources */,
				34098D4F19EF9784006806A6 /* CustomAlertView.m in Sources */,
				512861D41F95AD6E00CD1372 /* MASConstraint.m in Sources */,
				518372EE1F7E117D00248179 /* NSDictionary+Helper.m in Sources */,
				512861B61F95AD2900CD1372 /* UIView+MQ.m in Sources */,
				512861D51F95AD6E00CD1372 /* MASConstraintMaker.m in Sources */,
				512861D61F95AD6E00CD1372 /* MASLayoutConstraint.m in Sources */,
				518372F21F7E117D00248179 /* NSString+Helper.m in Sources */,
				517D3907206CBEFF005BC021 /* LeftMenuViewController.m in Sources */,
				34098D4C19EF965C006806A6 /* MainViewController.m in Sources */,
				512861D91F95AD6E00CD1372 /* NSArray+MASAdditions.m in Sources */,
				518372F81F7E117D00248179 /* UIImageView+ClickImageEnlarge.m in Sources */,
				518373091F7E225D00248179 /* NextViewController.m in Sources */,
				518372FB1F7E117D00248179 /* UIView+AddView.m in Sources */,
				517561AF206264E900968433 /* UIViewController+Helper.m in Sources */,
				51C5AF24205FA1CA000E8EA1 /* UIViewController+Helper.m in Sources */,
				518372F11F7E117D00248179 /* NSObject+Helper.m in Sources */,
				516E87D72064A00D0037C75B /* BINGroupView.m in Sources */,
				512861E41F95C45400CD1372 /* BINTableViewHandle.m in Sources */,
				512861DC1F95AD6E00CD1372 /* ViewController+MASAdditions.m in Sources */,
				518FD8692048086100FD7ADA /* UIButton+Helper.m in Sources */,
				517C23EE206B496100149016 /* WHKTableViewZeroCell.m in Sources */,
				5183733F1F7E22FD00248179 /* BINPhotoGroup.m in Sources */,
				517C23EB206B454B00149016 /* WHKTableViewFiftyFiveCell.m in Sources */,
				518372F31F7E117D00248179 /* NSString+Regex.m in Sources */,
				518373431F7E22FD00248179 /* BINRadioView.m in Sources */,
				5170B4BF1FC26AF600873EA8 /* StackListViewController.m in Sources */,
				518FD861204803C100FD7ADA /* StaticNSString.m in Sources */,
				5183733B1F7E22FD00248179 /* BINIconLabelView.m in Sources */,
				517C2408206B998C00149016 /* BINTabBarView.m in Sources */,
				518FD84C204801A200FD7ADA /* UIApplication+Helper.m in Sources */,
				518372FC1F7E117D00248179 /* UIView+Helper.m in Sources */,
				518372FA1F7E117D00248179 /* UITableViewCell+Helper.m in Sources */,
				518372EF1F7E117D00248179 /* NSMutableArray+Helper.m in Sources */,
				518372FE1F7E117D00248179 /* UIViewController+Cloudox.m in Sources */,
				5181E9F5207B132900F6C895 /* PopoverAction.m in Sources */,
				51803C4A2049471800799B48 /* MBProgressHUD.m in Sources */,
				518FD863204803C100FD7ADA /* AppDelegate.m in Sources */,
				518372F51F7E117D00248179 /* UIColor+Helper.m in Sources */,
				518373481F7E22FD00248179 /* BINTextField.m in Sources */,
				5183733A1F7E22FD00248179 /* BINGuidePageView.m in Sources */,
				518FD862204803C100FD7ADA /* Utilities_DigitalMedia.m in Sources */,
				517D3911206CDD04005BC021 /* DKSButton.m in Sources */,
				512861B51F95AD2900CD1372 /* MQVerCodeInputView.m in Sources */,
				518373441F7E22FD00248179 /* BINShareDataModel.m in Sources */,
				518BDE242065FBE800DC925D /* NSObject+Testing.m in Sources */,
				518373471F7E22FD00248179 /* BINShareView.m in Sources */,
				512861D81F95AD6E00CD1372 /* MASViewConstraint.m in Sources */,
				518372FD1F7E117D00248179 /* UIViewController+addView.m in Sources */,
				518373461F7E22FD00248179 /* BINShareModelView.m in Sources */,
				518372F91F7E117D00248179 /* UINavigationController+Cloudox.m in Sources */,
				5183734A1F7E22FD00248179 /* WHKLeftMenuView.m in Sources */,
				512861DB1F95AD6E00CD1372 /* View+MASAdditions.m in Sources */,
				517D3904206CBEA8005BC021 /* BN_TabBarView.m in Sources */,
				518372F41F7E117D00248179 /* UIButton+EdgeInsets.m in Sources */,
				5181E9F7207B132900F6C895 /* PopoverViewCell.m in Sources */,
				518372F01F7E117D00248179 /* NSMutableDictionary+Helper.m in Sources */,
				512861E71F95C47300CD1372 /* BINTableViewHandleSections.m in Sources */,
				512861DF1F95ADBC00CD1372 /* MainNewViewController.m in Sources */,
				512861D71F95AD6E00CD1372 /* MASViewAttribute.m in Sources */,
				34098D5219EFB159006806A6 /* MyView.m in Sources */,
				518373571F7E23BF00248179 /* UILabel+YBAttributeTextTapAction.m in Sources */,
				51803C562049483100799B48 /* MBProgressHUD+Helper.m in Sources */,
				518373391F7E22FD00248179 /* BINDataPicker.m in Sources */,
				5183733C1F7E22FD00248179 /* BINImgLabelView.m in Sources */,
				5183733D1F7E22FD00248179 /* BINPhotoBrowser.m in Sources */,
				518373411F7E22FD00248179 /* BINPickerView.m in Sources */,
				518373401F7E22FD00248179 /* BINPhotoItem.m in Sources */,
				518373421F7E22FD00248179 /* BINPickerViewNew.m in Sources */,
			);
			runOnlyForDeploymentPostprocessing = 0;
		};
		34098D2C19EF962B006806A6 /* Sources */ = {
			isa = PBXSourcesBuildPhase;
			buildActionMask = 2147483647;
			files = (
				34098D3E19EF962B006806A6 /* BINAlertViewTests.m in Sources */,
			);
			runOnlyForDeploymentPostprocessing = 0;
		};
/* End PBXSourcesBuildPhase section */

/* Begin PBXTargetDependency section */
		34098D3619EF962B006806A6 /* PBXTargetDependency */ = {
			isa = PBXTargetDependency;
			target = 34098D1419EF962A006806A6 /* BINAlertView */;
			targetProxy = 34098D3519EF962B006806A6 /* PBXContainerItemProxy */;
		};
/* End PBXTargetDependency section */

/* Begin PBXVariantGroup section */
		34098D2119EF962A006806A6 /* InfoPlist.strings */ = {
			isa = PBXVariantGroup;
			children = (
				34098D2219EF962A006806A6 /* en */,
			);
			name = InfoPlist.strings;
			sourceTree = "<group>";
		};
		34098D3A19EF962B006806A6 /* InfoPlist.strings */ = {
			isa = PBXVariantGroup;
			children = (
				34098D3B19EF962B006806A6 /* en */,
			);
			name = InfoPlist.strings;
			sourceTree = "<group>";
		};
/* End PBXVariantGroup section */

/* Begin XCBuildConfiguration section */
		34098D3F19EF962B006806A6 /* Debug */ = {
			isa = XCBuildConfiguration;
			buildSettings = {
				ALWAYS_SEARCH_USER_PATHS = NO;
				ARCHS = "$(ARCHS_STANDARD_INCLUDING_64_BIT)";
				CLANG_CXX_LANGUAGE_STANDARD = "gnu++0x";
				CLANG_CXX_LIBRARY = "libc++";
				CLANG_ENABLE_MODULES = YES;
				CLANG_ENABLE_OBJC_ARC = YES;
				CLANG_WARN_BOOL_CONVERSION = YES;
				CLANG_WARN_CONSTANT_CONVERSION = YES;
				CLANG_WARN_DIRECT_OBJC_ISA_USAGE = YES_ERROR;
				CLANG_WARN_EMPTY_BODY = YES;
				CLANG_WARN_ENUM_CONVERSION = YES;
				CLANG_WARN_INT_CONVERSION = YES;
				CLANG_WARN_OBJC_ROOT_CLASS = YES_ERROR;
				CLANG_WARN__DUPLICATE_METHOD_MATCH = YES;
				"CODE_SIGN_IDENTITY[sdk=iphoneos*]" = "iPhone Developer";
				COPY_PHASE_STRIP = NO;
				GCC_C_LANGUAGE_STANDARD = gnu99;
				GCC_DYNAMIC_NO_PIC = NO;
				GCC_OPTIMIZATION_LEVEL = 0;
				GCC_PREPROCESSOR_DEFINITIONS = (
					"DEBUG=1",
					"$(inherited)",
				);
				GCC_SYMBOLS_PRIVATE_EXTERN = NO;
				GCC_WARN_64_TO_32_BIT_CONVERSION = YES;
				GCC_WARN_ABOUT_RETURN_TYPE = YES_ERROR;
				GCC_WARN_UNDECLARED_SELECTOR = YES;
				GCC_WARN_UNINITIALIZED_AUTOS = YES;
				GCC_WARN_UNUSED_FUNCTION = YES;
				GCC_WARN_UNUSED_VARIABLE = YES;
				IPHONEOS_DEPLOYMENT_TARGET = 7.0;
				ONLY_ACTIVE_ARCH = YES;
				SDKROOT = iphoneos;
			};
			name = Debug;
		};
		34098D4019EF962B006806A6 /* Release */ = {
			isa = XCBuildConfiguration;
			buildSettings = {
				ALWAYS_SEARCH_USER_PATHS = NO;
				ARCHS = "$(ARCHS_STANDARD_INCLUDING_64_BIT)";
				CLANG_CXX_LANGUAGE_STANDARD = "gnu++0x";
				CLANG_CXX_LIBRARY = "libc++";
				CLANG_ENABLE_MODULES = YES;
				CLANG_ENABLE_OBJC_ARC = YES;
				CLANG_WARN_BOOL_CONVERSION = YES;
				CLANG_WARN_CONSTANT_CONVERSION = YES;
				CLANG_WARN_DIRECT_OBJC_ISA_USAGE = YES_ERROR;
				CLANG_WARN_EMPTY_BODY = YES;
				CLANG_WARN_ENUM_CONVERSION = YES;
				CLANG_WARN_INT_CONVERSION = YES;
				CLANG_WARN_OBJC_ROOT_CLASS = YES_ERROR;
				CLANG_WARN__DUPLICATE_METHOD_MATCH = YES;
				"CODE_SIGN_IDENTITY[sdk=iphoneos*]" = "iPhone Developer";
				COPY_PHASE_STRIP = YES;
				ENABLE_NS_ASSERTIONS = NO;
				GCC_C_LANGUAGE_STANDARD = gnu99;
				GCC_WARN_64_TO_32_BIT_CONVERSION = YES;
				GCC_WARN_ABOUT_RETURN_TYPE = YES_ERROR;
				GCC_WARN_UNDECLARED_SELECTOR = YES;
				GCC_WARN_UNINITIALIZED_AUTOS = YES;
				GCC_WARN_UNUSED_FUNCTION = YES;
				GCC_WARN_UNUSED_VARIABLE = YES;
				IPHONEOS_DEPLOYMENT_TARGET = 7.0;
				SDKROOT = iphoneos;
				VALIDATE_PRODUCT = YES;
			};
			name = Release;
		};
		34098D4219EF962B006806A6 /* Debug */ = {
			isa = XCBuildConfiguration;
			buildSettings = {
				ASSETCATALOG_COMPILER_APPICON_NAME = AppIcon;
				ASSETCATALOG_COMPILER_LAUNCHIMAGE_NAME = LaunchImage;
				CODE_SIGN_IDENTITY = "iPhone Developer: xiaolei zhang (K2RX8G3XRB)";
				GCC_PRECOMPILE_PREFIX_HEADER = YES;
				GCC_PREFIX_HEADER = "BINAlertView/BINAlertView-Prefix.pch";
				INFOPLIST_FILE = "BINAlertView/BINAlertView-Info.plist";
				IPHONEOS_DEPLOYMENT_TARGET = 8.0;
				PRODUCT_NAME = "$(TARGET_NAME)";
				WRAPPER_EXTENSION = app;
			};
			name = Debug;
		};
		34098D4319EF962B006806A6 /* Release */ = {
			isa = XCBuildConfiguration;
			buildSettings = {
				ASSETCATALOG_COMPILER_APPICON_NAME = AppIcon;
				ASSETCATALOG_COMPILER_LAUNCHIMAGE_NAME = LaunchImage;
				GCC_PRECOMPILE_PREFIX_HEADER = YES;
				GCC_PREFIX_HEADER = "BINAlertView/BINAlertView-Prefix.pch";
				INFOPLIST_FILE = "BINAlertView/BINAlertView-Info.plist";
				IPHONEOS_DEPLOYMENT_TARGET = 8.0;
				PRODUCT_NAME = "$(TARGET_NAME)";
				WRAPPER_EXTENSION = app;
			};
			name = Release;
		};
		34098D4519EF962B006806A6 /* Debug */ = {
			isa = XCBuildConfiguration;
			buildSettings = {
				ARCHS = "$(ARCHS_STANDARD_INCLUDING_64_BIT)";
				BUNDLE_LOADER = "$(BUILT_PRODUCTS_DIR)/BINAlertView.app/BINAlertView";
				FRAMEWORK_SEARCH_PATHS = (
					"$(SDKROOT)/Developer/Library/Frameworks",
					"$(inherited)",
					"$(DEVELOPER_FRAMEWORKS_DIR)",
				);
				GCC_PRECOMPILE_PREFIX_HEADER = YES;
				GCC_PREFIX_HEADER = "BINAlertView/BINAlertView-Prefix.pch";
				GCC_PREPROCESSOR_DEFINITIONS = (
					"DEBUG=1",
					"$(inherited)",
				);
				INFOPLIST_FILE = "BINAlertViewTests/BINAlertViewTests-Info.plist";
				PRODUCT_NAME = "$(TARGET_NAME)";
				TEST_HOST = "$(BUNDLE_LOADER)";
				WRAPPER_EXTENSION = xctest;
			};
			name = Debug;
		};
		34098D4619EF962B006806A6 /* Release */ = {
			isa = XCBuildConfiguration;
			buildSettings = {
				ARCHS = "$(ARCHS_STANDARD_INCLUDING_64_BIT)";
				BUNDLE_LOADER = "$(BUILT_PRODUCTS_DIR)/BINAlertView.app/BINAlertView";
				FRAMEWORK_SEARCH_PATHS = (
					"$(SDKROOT)/Developer/Library/Frameworks",
					"$(inherited)",
					"$(DEVELOPER_FRAMEWORKS_DIR)",
				);
				GCC_PRECOMPILE_PREFIX_HEADER = YES;
				GCC_PREFIX_HEADER = "BINAlertView/BINAlertView-Prefix.pch";
				INFOPLIST_FILE = "BINAlertViewTests/BINAlertViewTests-Info.plist";
				PRODUCT_NAME = "$(TARGET_NAME)";
				TEST_HOST = "$(BUNDLE_LOADER)";
				WRAPPER_EXTENSION = xctest;
			};
			name = Release;
		};
/* End XCBuildConfiguration section */

/* Begin XCConfigurationList section */
		34098D1019EF962A006806A6 /* Build configuration list for PBXProject "BINAlertView" */ = {
			isa = XCConfigurationList;
			buildConfigurations = (
				34098D3F19EF962B006806A6 /* Debug */,
				34098D4019EF962B006806A6 /* Release */,
			);
			defaultConfigurationIsVisible = 0;
			defaultConfigurationName = Release;
		};
		34098D4119EF962B006806A6 /* Build configuration list for PBXNativeTarget "BINAlertView" */ = {
			isa = XCConfigurationList;
			buildConfigurations = (
				34098D4219EF962B006806A6 /* Debug */,
				34098D4319EF962B006806A6 /* Release */,
			);
			defaultConfigurationIsVisible = 0;
			defaultConfigurationName = Release;
		};
		34098D4419EF962B006806A6 /* Build configuration list for PBXNativeTarget "BINAlertViewTests" */ = {
			isa = XCConfigurationList;
			buildConfigurations = (
				34098D4519EF962B006806A6 /* Debug */,
				34098D4619EF962B006806A6 /* Release */,
			);
			defaultConfigurationIsVisible = 0;
			defaultConfigurationName = Release;
		};
/* End XCConfigurationList section */
	};
	rootObject = 34098D0D19EF962A006806A6 /* Project object */;
}
